// !$*UTF8*$!
{
	archiveVersion = 1;
	classes = {
	};
	objectVersion = 56;
	objects = {

/* Begin PBXBuildFile section */
		2BA883062C73AE45008365C8 /* Mini3_PanicAttackApp.swift in Sources */ = {isa = PBXBuildFile; fileRef = 2BA883052C73AE45008365C8 /* Mini3_PanicAttackApp.swift */; };
		2BA883082C73AE45008365C8 /* ContentView.swift in Sources */ = {isa = PBXBuildFile; fileRef = 2BA883072C73AE45008365C8 /* ContentView.swift */; };
		2BA8830A2C73AE46008365C8 /* Assets.xcassets in Resources */ = {isa = PBXBuildFile; fileRef = 2BA883092C73AE46008365C8 /* Assets.xcassets */; };
		2BA8830D2C73AE46008365C8 /* Preview Assets.xcassets in Resources */ = {isa = PBXBuildFile; fileRef = 2BA8830C2C73AE46008365C8 /* Preview Assets.xcassets */; };
		2BA883172C73AE46008365C8 /* Mini3_PanicAttackTests.swift in Sources */ = {isa = PBXBuildFile; fileRef = 2BA883162C73AE46008365C8 /* Mini3_PanicAttackTests.swift */; };
		2BA883212C73AE46008365C8 /* Mini3_PanicAttackUITests.swift in Sources */ = {isa = PBXBuildFile; fileRef = 2BA883202C73AE46008365C8 /* Mini3_PanicAttackUITests.swift */; };
		2BA883232C73AE46008365C8 /* Mini3_PanicAttackUITestsLaunchTests.swift in Sources */ = {isa = PBXBuildFile; fileRef = 2BA883222C73AE46008365C8 /* Mini3_PanicAttackUITestsLaunchTests.swift */; };
		2BA883322C73B076008365C8 /* MainView.swift in Sources */ = {isa = PBXBuildFile; fileRef = 2BA883312C73B076008365C8 /* MainView.swift */; };
		2BA8835C2C743470008365C8 /* Rubik-Medium.ttf in Resources */ = {isa = PBXBuildFile; fileRef = 2BA8834C2C743314008365C8 /* Rubik-Medium.ttf */; };
		2BA8835D2C743470008365C8 /* Rubik-ExtraBoldItalic.ttf in Resources */ = {isa = PBXBuildFile; fileRef = 2BA8834A2C743314008365C8 /* Rubik-ExtraBoldItalic.ttf */; };
		2BA8835E2C743470008365C8 /* Rubik-SemiBold.ttf in Resources */ = {isa = PBXBuildFile; fileRef = 2BA883472C743314008365C8 /* Rubik-SemiBold.ttf */; };
		2BA8835F2C743470008365C8 /* Rubik-Black.ttf in Resources */ = {isa = PBXBuildFile; fileRef = 2BA883482C743314008365C8 /* Rubik-Black.ttf */; };
		2BA883602C743470008365C8 /* Rubik-Italic.ttf in Resources */ = {isa = PBXBuildFile; fileRef = 2BA883492C743314008365C8 /* Rubik-Italic.ttf */; };
		2BA883612C743470008365C8 /* Rubik-MediumItalic.ttf in Resources */ = {isa = PBXBuildFile; fileRef = 2BA883412C743313008365C8 /* Rubik-MediumItalic.ttf */; };
		2BA883622C743470008365C8 /* Rubik-Bold.ttf in Resources */ = {isa = PBXBuildFile; fileRef = 2BA8834D2C743314008365C8 /* Rubik-Bold.ttf */; };
		2BA883632C743470008365C8 /* Rubik-BlackItalic.ttf in Resources */ = {isa = PBXBuildFile; fileRef = 2BA883422C743313008365C8 /* Rubik-BlackItalic.ttf */; };
		2BA883642C743470008365C8 /* Rubik-BoldItalic.ttf in Resources */ = {isa = PBXBuildFile; fileRef = 2BA883462C743314008365C8 /* Rubik-BoldItalic.ttf */; };
		2BA883652C743470008365C8 /* Rubik-Regular.ttf in Resources */ = {isa = PBXBuildFile; fileRef = 2BA883432C743313008365C8 /* Rubik-Regular.ttf */; };
		2BA883662C743470008365C8 /* Rubik-Light.ttf in Resources */ = {isa = PBXBuildFile; fileRef = 2BA883452C743314008365C8 /* Rubik-Light.ttf */; };
		2BA883672C743470008365C8 /* Rubik-LightItalic.ttf in Resources */ = {isa = PBXBuildFile; fileRef = 2BA8834B2C743314008365C8 /* Rubik-LightItalic.ttf */; };
		2BA883682C743470008365C8 /* Rubik-SemiBoldItalic.ttf in Resources */ = {isa = PBXBuildFile; fileRef = 2BA883442C743313008365C8 /* Rubik-SemiBoldItalic.ttf */; };
		2BA883692C743470008365C8 /* Rubik-ExtraBold.ttf in Resources */ = {isa = PBXBuildFile; fileRef = 2BA883402C743313008365C8 /* Rubik-ExtraBold.ttf */; };
		A4027F762C743AC000750BA3 /* ExerciseTrackerViewModel.swift in Sources */ = {isa = PBXBuildFile; fileRef = A4027F752C743AC000750BA3 /* ExerciseTrackerViewModel.swift */; };
		A4027F782C743AD300750BA3 /* ExerciseTrackerModel.swift in Sources */ = {isa = PBXBuildFile; fileRef = A4027F772C743AD300750BA3 /* ExerciseTrackerModel.swift */; };
		A430CDA82C7589830085946B /* ExerciseTrackerRepository.swift in Sources */ = {isa = PBXBuildFile; fileRef = A430CDA72C7589830085946B /* ExerciseTrackerRepository.swift */; };
		A430CDAB2C7589BF0085946B /* PersistentExerciseTrackerRepository.swift in Sources */ = {isa = PBXBuildFile; fileRef = A430CDAA2C7589BF0085946B /* PersistentExerciseTrackerRepository.swift */; };
		A430CDAF2C7591610085946B /* DummyExerciseTrackerRepository.swift in Sources */ = {isa = PBXBuildFile; fileRef = A430CDAE2C7591610085946B /* DummyExerciseTrackerRepository.swift */; };
		A430CDB32C7592630085946B /* Exercise.swift in Sources */ = {isa = PBXBuildFile; fileRef = A430CDB22C7592630085946B /* Exercise.swift */; };
		A430CDB52C75927C0085946B /* ExerciseType.swift in Sources */ = {isa = PBXBuildFile; fileRef = A430CDB42C75927C0085946B /* ExerciseType.swift */; };
		A430CDB92C7593990085946B /* ExerciseContentView.swift in Sources */ = {isa = PBXBuildFile; fileRef = A430CDB82C7593990085946B /* ExerciseContentView.swift */; };
		A430CDBB2C7593AE0085946B /* ExerciseCardView.swift in Sources */ = {isa = PBXBuildFile; fileRef = A430CDBA2C7593AE0085946B /* ExerciseCardView.swift */; };
		A430CDBD2C7593E40085946B /* WideCardViewWithProgress.swift in Sources */ = {isa = PBXBuildFile; fileRef = A430CDBC2C7593E40085946B /* WideCardViewWithProgress.swift */; };
		A430CDBF2C75942D0085946B /* WeeklyStreakView.swift in Sources */ = {isa = PBXBuildFile; fileRef = A430CDBE2C75942D0085946B /* WeeklyStreakView.swift */; };
/* End PBXBuildFile section */

/* Begin PBXContainerItemProxy section */
		2BA883132C73AE46008365C8 /* PBXContainerItemProxy */ = {
			isa = PBXContainerItemProxy;
			containerPortal = 2BA882FA2C73AE45008365C8 /* Project object */;
			proxyType = 1;
			remoteGlobalIDString = 2BA883012C73AE45008365C8;
			remoteInfo = "Mini3-PanicAttack";
		};
		2BA8831D2C73AE46008365C8 /* PBXContainerItemProxy */ = {
			isa = PBXContainerItemProxy;
			containerPortal = 2BA882FA2C73AE45008365C8 /* Project object */;
			proxyType = 1;
			remoteGlobalIDString = 2BA883012C73AE45008365C8;
			remoteInfo = "Mini3-PanicAttack";
		};
/* End PBXContainerItemProxy section */

/* Begin PBXFileReference section */
		2BA883022C73AE45008365C8 /* Mini3-PanicAttack.app */ = {isa = PBXFileReference; explicitFileType = wrapper.application; includeInIndex = 0; path = "Mini3-PanicAttack.app"; sourceTree = BUILT_PRODUCTS_DIR; };
		2BA883052C73AE45008365C8 /* Mini3_PanicAttackApp.swift */ = {isa = PBXFileReference; lastKnownFileType = sourcecode.swift; path = Mini3_PanicAttackApp.swift; sourceTree = "<group>"; };
		2BA883072C73AE45008365C8 /* ContentView.swift */ = {isa = PBXFileReference; lastKnownFileType = sourcecode.swift; path = ContentView.swift; sourceTree = "<group>"; };
		2BA883092C73AE46008365C8 /* Assets.xcassets */ = {isa = PBXFileReference; lastKnownFileType = folder.assetcatalog; path = Assets.xcassets; sourceTree = "<group>"; };
		2BA8830C2C73AE46008365C8 /* Preview Assets.xcassets */ = {isa = PBXFileReference; lastKnownFileType = folder.assetcatalog; path = "Preview Assets.xcassets"; sourceTree = "<group>"; };
		2BA883122C73AE46008365C8 /* Mini3-PanicAttackTests.xctest */ = {isa = PBXFileReference; explicitFileType = wrapper.cfbundle; includeInIndex = 0; path = "Mini3-PanicAttackTests.xctest"; sourceTree = BUILT_PRODUCTS_DIR; };
		2BA883162C73AE46008365C8 /* Mini3_PanicAttackTests.swift */ = {isa = PBXFileReference; lastKnownFileType = sourcecode.swift; path = Mini3_PanicAttackTests.swift; sourceTree = "<group>"; };
		2BA8831C2C73AE46008365C8 /* Mini3-PanicAttackUITests.xctest */ = {isa = PBXFileReference; explicitFileType = wrapper.cfbundle; includeInIndex = 0; path = "Mini3-PanicAttackUITests.xctest"; sourceTree = BUILT_PRODUCTS_DIR; };
		2BA883202C73AE46008365C8 /* Mini3_PanicAttackUITests.swift */ = {isa = PBXFileReference; lastKnownFileType = sourcecode.swift; path = Mini3_PanicAttackUITests.swift; sourceTree = "<group>"; };
		2BA883222C73AE46008365C8 /* Mini3_PanicAttackUITestsLaunchTests.swift */ = {isa = PBXFileReference; lastKnownFileType = sourcecode.swift; path = Mini3_PanicAttackUITestsLaunchTests.swift; sourceTree = "<group>"; };
		2BA883312C73B076008365C8 /* MainView.swift */ = {isa = PBXFileReference; lastKnownFileType = sourcecode.swift; path = MainView.swift; sourceTree = "<group>"; };
		2BA8833D2C743281008365C8 /* Info.plist */ = {isa = PBXFileReference; lastKnownFileType = text.plist.xml; path = Info.plist; sourceTree = "<group>"; };
		2BA883402C743313008365C8 /* Rubik-ExtraBold.ttf */ = {isa = PBXFileReference; lastKnownFileType = file; path = "Rubik-ExtraBold.ttf"; sourceTree = "<group>"; };
		2BA883412C743313008365C8 /* Rubik-MediumItalic.ttf */ = {isa = PBXFileReference; lastKnownFileType = file; path = "Rubik-MediumItalic.ttf"; sourceTree = "<group>"; };
		2BA883422C743313008365C8 /* Rubik-BlackItalic.ttf */ = {isa = PBXFileReference; lastKnownFileType = file; path = "Rubik-BlackItalic.ttf"; sourceTree = "<group>"; };
		2BA883432C743313008365C8 /* Rubik-Regular.ttf */ = {isa = PBXFileReference; lastKnownFileType = file; path = "Rubik-Regular.ttf"; sourceTree = "<group>"; };
		2BA883442C743313008365C8 /* Rubik-SemiBoldItalic.ttf */ = {isa = PBXFileReference; lastKnownFileType = file; path = "Rubik-SemiBoldItalic.ttf"; sourceTree = "<group>"; };
		2BA883452C743314008365C8 /* Rubik-Light.ttf */ = {isa = PBXFileReference; lastKnownFileType = file; path = "Rubik-Light.ttf"; sourceTree = "<group>"; };
		2BA883462C743314008365C8 /* Rubik-BoldItalic.ttf */ = {isa = PBXFileReference; lastKnownFileType = file; path = "Rubik-BoldItalic.ttf"; sourceTree = "<group>"; };
		2BA883472C743314008365C8 /* Rubik-SemiBold.ttf */ = {isa = PBXFileReference; lastKnownFileType = file; path = "Rubik-SemiBold.ttf"; sourceTree = "<group>"; };
		2BA883482C743314008365C8 /* Rubik-Black.ttf */ = {isa = PBXFileReference; lastKnownFileType = file; path = "Rubik-Black.ttf"; sourceTree = "<group>"; };
		2BA883492C743314008365C8 /* Rubik-Italic.ttf */ = {isa = PBXFileReference; lastKnownFileType = file; path = "Rubik-Italic.ttf"; sourceTree = "<group>"; };
		2BA8834A2C743314008365C8 /* Rubik-ExtraBoldItalic.ttf */ = {isa = PBXFileReference; lastKnownFileType = file; path = "Rubik-ExtraBoldItalic.ttf"; sourceTree = "<group>"; };
		2BA8834B2C743314008365C8 /* Rubik-LightItalic.ttf */ = {isa = PBXFileReference; lastKnownFileType = file; path = "Rubik-LightItalic.ttf"; sourceTree = "<group>"; };
		2BA8834C2C743314008365C8 /* Rubik-Medium.ttf */ = {isa = PBXFileReference; lastKnownFileType = file; path = "Rubik-Medium.ttf"; sourceTree = "<group>"; };
		2BA8834D2C743314008365C8 /* Rubik-Bold.ttf */ = {isa = PBXFileReference; lastKnownFileType = file; path = "Rubik-Bold.ttf"; sourceTree = "<group>"; };
		A4027F752C743AC000750BA3 /* ExerciseTrackerViewModel.swift */ = {isa = PBXFileReference; lastKnownFileType = sourcecode.swift; path = ExerciseTrackerViewModel.swift; sourceTree = "<group>"; };
		A4027F772C743AD300750BA3 /* ExerciseTrackerModel.swift */ = {isa = PBXFileReference; lastKnownFileType = sourcecode.swift; path = ExerciseTrackerModel.swift; sourceTree = "<group>"; };
		A430CDA72C7589830085946B /* ExerciseTrackerRepository.swift */ = {isa = PBXFileReference; lastKnownFileType = sourcecode.swift; path = ExerciseTrackerRepository.swift; sourceTree = "<group>"; };
		A430CDAA2C7589BF0085946B /* PersistentExerciseTrackerRepository.swift */ = {isa = PBXFileReference; lastKnownFileType = sourcecode.swift; path = PersistentExerciseTrackerRepository.swift; sourceTree = "<group>"; };
		A430CDAE2C7591610085946B /* DummyExerciseTrackerRepository.swift */ = {isa = PBXFileReference; lastKnownFileType = sourcecode.swift; path = DummyExerciseTrackerRepository.swift; sourceTree = "<group>"; };
		A430CDB22C7592630085946B /* Exercise.swift */ = {isa = PBXFileReference; lastKnownFileType = sourcecode.swift; path = Exercise.swift; sourceTree = "<group>"; };
		A430CDB42C75927C0085946B /* ExerciseType.swift */ = {isa = PBXFileReference; lastKnownFileType = sourcecode.swift; path = ExerciseType.swift; sourceTree = "<group>"; };
		A430CDB82C7593990085946B /* ExerciseContentView.swift */ = {isa = PBXFileReference; lastKnownFileType = sourcecode.swift; path = ExerciseContentView.swift; sourceTree = "<group>"; };
		A430CDBA2C7593AE0085946B /* ExerciseCardView.swift */ = {isa = PBXFileReference; lastKnownFileType = sourcecode.swift; path = ExerciseCardView.swift; sourceTree = "<group>"; };
		A430CDBC2C7593E40085946B /* WideCardViewWithProgress.swift */ = {isa = PBXFileReference; lastKnownFileType = sourcecode.swift; path = WideCardViewWithProgress.swift; sourceTree = "<group>"; };
		A430CDBE2C75942D0085946B /* WeeklyStreakView.swift */ = {isa = PBXFileReference; lastKnownFileType = sourcecode.swift; path = WeeklyStreakView.swift; sourceTree = "<group>"; };
/* End PBXFileReference section */

/* Begin PBXFrameworksBuildPhase section */
		2BA882FF2C73AE45008365C8 /* Frameworks */ = {
			isa = PBXFrameworksBuildPhase;
			buildActionMask = 2147483647;
			files = (
			);
			runOnlyForDeploymentPostprocessing = 0;
		};
		2BA8830F2C73AE46008365C8 /* Frameworks */ = {
			isa = PBXFrameworksBuildPhase;
			buildActionMask = 2147483647;
			files = (
			);
			runOnlyForDeploymentPostprocessing = 0;
		};
		2BA883192C73AE46008365C8 /* Frameworks */ = {
			isa = PBXFrameworksBuildPhase;
			buildActionMask = 2147483647;
			files = (
			);
			runOnlyForDeploymentPostprocessing = 0;
		};
/* End PBXFrameworksBuildPhase section */

/* Begin PBXGroup section */
		2BA882F92C73AE45008365C8 = {
			isa = PBXGroup;
			children = (
				2BA883042C73AE45008365C8 /* Mini3-PanicAttack */,
				2BA883152C73AE46008365C8 /* Mini3-PanicAttackTests */,
				2BA8831F2C73AE46008365C8 /* Mini3-PanicAttackUITests */,
				2BA883032C73AE45008365C8 /* Products */,
			);
			sourceTree = "<group>";
		};
		2BA883032C73AE45008365C8 /* Products */ = {
			isa = PBXGroup;
			children = (
				2BA883022C73AE45008365C8 /* Mini3-PanicAttack.app */,
				2BA883122C73AE46008365C8 /* Mini3-PanicAttackTests.xctest */,
				2BA8831C2C73AE46008365C8 /* Mini3-PanicAttackUITests.xctest */,
			);
			name = Products;
			sourceTree = "<group>";
		};
		2BA883042C73AE45008365C8 /* Mini3-PanicAttack */ = {
			isa = PBXGroup;
			children = (
				2BA883052C73AE45008365C8 /* Mini3_PanicAttackApp.swift */,
				A4027F742C743AAF00750BA3 /* ViewModel */,
				A4027F732C74372D00750BA3 /* Model */,
				A430CDA62C7589750085946B /* Repository */,
				2BA8833E2C7432BB008365C8 /* Views */,
				2BA8833F2C7432FF008365C8 /* Font */,
				2BA883092C73AE46008365C8 /* Assets.xcassets */,
				2BA8833D2C743281008365C8 /* Info.plist */,
				2BA8830B2C73AE46008365C8 /* Preview Content */,
			);
			path = "Mini3-PanicAttack";
			sourceTree = "<group>";
		};
		2BA8830B2C73AE46008365C8 /* Preview Content */ = {
			isa = PBXGroup;
			children = (
				2BA8830C2C73AE46008365C8 /* Preview Assets.xcassets */,
			);
			path = "Preview Content";
			sourceTree = "<group>";
		};
		2BA883152C73AE46008365C8 /* Mini3-PanicAttackTests */ = {
			isa = PBXGroup;
			children = (
				2BA883162C73AE46008365C8 /* Mini3_PanicAttackTests.swift */,
			);
			path = "Mini3-PanicAttackTests";
			sourceTree = "<group>";
		};
		2BA8831F2C73AE46008365C8 /* Mini3-PanicAttackUITests */ = {
			isa = PBXGroup;
			children = (
				2BA883202C73AE46008365C8 /* Mini3_PanicAttackUITests.swift */,
				2BA883222C73AE46008365C8 /* Mini3_PanicAttackUITestsLaunchTests.swift */,
			);
			path = "Mini3-PanicAttackUITests";
			sourceTree = "<group>";
		};
		2BA8833E2C7432BB008365C8 /* Views */ = {
			isa = PBXGroup;
			children = (
				2BA883072C73AE45008365C8 /* ContentView.swift */,
				A430CDB62C7593320085946B /* Main */,
			);
			path = Views;
			sourceTree = "<group>";
		};
		2BA8833F2C7432FF008365C8 /* Font */ = {
			isa = PBXGroup;
			children = (
				2BA883482C743314008365C8 /* Rubik-Black.ttf */,
				2BA883422C743313008365C8 /* Rubik-BlackItalic.ttf */,
				2BA8834D2C743314008365C8 /* Rubik-Bold.ttf */,
				2BA883462C743314008365C8 /* Rubik-BoldItalic.ttf */,
				2BA883402C743313008365C8 /* Rubik-ExtraBold.ttf */,
				2BA8834A2C743314008365C8 /* Rubik-ExtraBoldItalic.ttf */,
				2BA883492C743314008365C8 /* Rubik-Italic.ttf */,
				2BA883452C743314008365C8 /* Rubik-Light.ttf */,
				2BA8834B2C743314008365C8 /* Rubik-LightItalic.ttf */,
				2BA8834C2C743314008365C8 /* Rubik-Medium.ttf */,
				2BA883412C743313008365C8 /* Rubik-MediumItalic.ttf */,
				2BA883432C743313008365C8 /* Rubik-Regular.ttf */,
				2BA883472C743314008365C8 /* Rubik-SemiBold.ttf */,
				2BA883442C743313008365C8 /* Rubik-SemiBoldItalic.ttf */,
			);
			path = Font;
			sourceTree = "<group>";
		};
		A4027F732C74372D00750BA3 /* Model */ = {
			isa = PBXGroup;
			children = (
				A430CDB22C7592630085946B /* Exercise.swift */,
				A430CDB42C75927C0085946B /* ExerciseType.swift */,
				A4027F772C743AD300750BA3 /* ExerciseTrackerModel.swift */,
			);
			path = Model;
			sourceTree = "<group>";
		};
		A4027F742C743AAF00750BA3 /* ViewModel */ = {
			isa = PBXGroup;
			children = (
				A4027F752C743AC000750BA3 /* ExerciseTrackerViewModel.swift */,
			);
			path = ViewModel;
			sourceTree = "<group>";
		};
		A430CDA62C7589750085946B /* Repository */ = {
			isa = PBXGroup;
			children = (
				A430CDAD2C758D710085946B /* Dummy */,
				A430CDAC2C758D5C0085946B /* Persistent */,
				A430CDA92C7589B10085946B /* Protocols */,
			);
			path = Repository;
			sourceTree = "<group>";
		};
		A430CDA92C7589B10085946B /* Protocols */ = {
			isa = PBXGroup;
			children = (
				A430CDA72C7589830085946B /* ExerciseTrackerRepository.swift */,
			);
			path = Protocols;
			sourceTree = "<group>";
		};
		A430CDAC2C758D5C0085946B /* Persistent */ = {
			isa = PBXGroup;
			children = (
				A430CDAA2C7589BF0085946B /* PersistentExerciseTrackerRepository.swift */,
			);
			path = Persistent;
			sourceTree = "<group>";
		};
		A430CDAD2C758D710085946B /* Dummy */ = {
			isa = PBXGroup;
			children = (
				A430CDAE2C7591610085946B /* DummyExerciseTrackerRepository.swift */,
			);
			path = Dummy;
			sourceTree = "<group>";
		};
		A430CDB62C7593320085946B /* Main */ = {
			isa = PBXGroup;
			children = (
				A430CDB72C7593700085946B /* Components */,
				2BA883312C73B076008365C8 /* MainView.swift */,
			);
			path = Main;
			sourceTree = "<group>";
		};
		A430CDB72C7593700085946B /* Components */ = {
			isa = PBXGroup;
			children = (
				A430CDB82C7593990085946B /* ExerciseContentView.swift */,
				A430CDBA2C7593AE0085946B /* ExerciseCardView.swift */,
				A430CDBC2C7593E40085946B /* WideCardViewWithProgress.swift */,
				A430CDBE2C75942D0085946B /* WeeklyStreakView.swift */,
			);
			path = Components;
			sourceTree = "<group>";
		};
/* End PBXGroup section */

/* Begin PBXNativeTarget section */
		2BA883012C73AE45008365C8 /* Mini3-PanicAttack */ = {
			isa = PBXNativeTarget;
			buildConfigurationList = 2BA883262C73AE46008365C8 /* Build configuration list for PBXNativeTarget "Mini3-PanicAttack" */;
			buildPhases = (
				2BA882FE2C73AE45008365C8 /* Sources */,
				2BA882FF2C73AE45008365C8 /* Frameworks */,
				2BA883002C73AE45008365C8 /* Resources */,
			);
			buildRules = (
			);
			dependencies = (
			);
			name = "Mini3-PanicAttack";
			productName = "Mini3-PanicAttack";
			productReference = 2BA883022C73AE45008365C8 /* Mini3-PanicAttack.app */;
			productType = "com.apple.product-type.application";
		};
		2BA883112C73AE46008365C8 /* Mini3-PanicAttackTests */ = {
			isa = PBXNativeTarget;
			buildConfigurationList = 2BA883292C73AE46008365C8 /* Build configuration list for PBXNativeTarget "Mini3-PanicAttackTests" */;
			buildPhases = (
				2BA8830E2C73AE46008365C8 /* Sources */,
				2BA8830F2C73AE46008365C8 /* Frameworks */,
				2BA883102C73AE46008365C8 /* Resources */,
			);
			buildRules = (
			);
			dependencies = (
				2BA883142C73AE46008365C8 /* PBXTargetDependency */,
			);
			name = "Mini3-PanicAttackTests";
			productName = "Mini3-PanicAttackTests";
			productReference = 2BA883122C73AE46008365C8 /* Mini3-PanicAttackTests.xctest */;
			productType = "com.apple.product-type.bundle.unit-test";
		};
		2BA8831B2C73AE46008365C8 /* Mini3-PanicAttackUITests */ = {
			isa = PBXNativeTarget;
			buildConfigurationList = 2BA8832C2C73AE46008365C8 /* Build configuration list for PBXNativeTarget "Mini3-PanicAttackUITests" */;
			buildPhases = (
				2BA883182C73AE46008365C8 /* Sources */,
				2BA883192C73AE46008365C8 /* Frameworks */,
				2BA8831A2C73AE46008365C8 /* Resources */,
			);
			buildRules = (
			);
			dependencies = (
				2BA8831E2C73AE46008365C8 /* PBXTargetDependency */,
			);
			name = "Mini3-PanicAttackUITests";
			productName = "Mini3-PanicAttackUITests";
			productReference = 2BA8831C2C73AE46008365C8 /* Mini3-PanicAttackUITests.xctest */;
			productType = "com.apple.product-type.bundle.ui-testing";
		};
/* End PBXNativeTarget section */

/* Begin PBXProject section */
		2BA882FA2C73AE45008365C8 /* Project object */ = {
			isa = PBXProject;
			attributes = {
				BuildIndependentTargetsInParallel = 1;
				LastSwiftUpdateCheck = 1540;
				LastUpgradeCheck = 1540;
				TargetAttributes = {
					2BA883012C73AE45008365C8 = {
						CreatedOnToolsVersion = 15.4;
					};
					2BA883112C73AE46008365C8 = {
						CreatedOnToolsVersion = 15.4;
						TestTargetID = 2BA883012C73AE45008365C8;
					};
					2BA8831B2C73AE46008365C8 = {
						CreatedOnToolsVersion = 15.4;
						TestTargetID = 2BA883012C73AE45008365C8;
					};
				};
			};
			buildConfigurationList = 2BA882FD2C73AE45008365C8 /* Build configuration list for PBXProject "Mini3-PanicAttack" */;
			compatibilityVersion = "Xcode 14.0";
			developmentRegion = en;
			hasScannedForEncodings = 0;
			knownRegions = (
				en,
				Base,
			);
			mainGroup = 2BA882F92C73AE45008365C8;
			productRefGroup = 2BA883032C73AE45008365C8 /* Products */;
			projectDirPath = "";
			projectRoot = "";
			targets = (
				2BA883012C73AE45008365C8 /* Mini3-PanicAttack */,
				2BA883112C73AE46008365C8 /* Mini3-PanicAttackTests */,
				2BA8831B2C73AE46008365C8 /* Mini3-PanicAttackUITests */,
			);
		};
/* End PBXProject section */

/* Begin PBXResourcesBuildPhase section */
		2BA883002C73AE45008365C8 /* Resources */ = {
			isa = PBXResourcesBuildPhase;
			buildActionMask = 2147483647;
			files = (
				2BA8835C2C743470008365C8 /* Rubik-Medium.ttf in Resources */,
				2BA8835D2C743470008365C8 /* Rubik-ExtraBoldItalic.ttf in Resources */,
				2BA8835E2C743470008365C8 /* Rubik-SemiBold.ttf in Resources */,
				2BA8835F2C743470008365C8 /* Rubik-Black.ttf in Resources */,
				2BA883602C743470008365C8 /* Rubik-Italic.ttf in Resources */,
				2BA883612C743470008365C8 /* Rubik-MediumItalic.ttf in Resources */,
				2BA883622C743470008365C8 /* Rubik-Bold.ttf in Resources */,
				2BA883632C743470008365C8 /* Rubik-BlackItalic.ttf in Resources */,
				2BA883642C743470008365C8 /* Rubik-BoldItalic.ttf in Resources */,
				2BA883652C743470008365C8 /* Rubik-Regular.ttf in Resources */,
				2BA883662C743470008365C8 /* Rubik-Light.ttf in Resources */,
				2BA883672C743470008365C8 /* Rubik-LightItalic.ttf in Resources */,
				2BA883682C743470008365C8 /* Rubik-SemiBoldItalic.ttf in Resources */,
				2BA883692C743470008365C8 /* Rubik-ExtraBold.ttf in Resources */,
				2BA8830D2C73AE46008365C8 /* Preview Assets.xcassets in Resources */,
				2BA8830A2C73AE46008365C8 /* Assets.xcassets in Resources */,
			);
			runOnlyForDeploymentPostprocessing = 0;
		};
		2BA883102C73AE46008365C8 /* Resources */ = {
			isa = PBXResourcesBuildPhase;
			buildActionMask = 2147483647;
			files = (
			);
			runOnlyForDeploymentPostprocessing = 0;
		};
		2BA8831A2C73AE46008365C8 /* Resources */ = {
			isa = PBXResourcesBuildPhase;
			buildActionMask = 2147483647;
			files = (
			);
			runOnlyForDeploymentPostprocessing = 0;
		};
/* End PBXResourcesBuildPhase section */

/* Begin PBXSourcesBuildPhase section */
		2BA882FE2C73AE45008365C8 /* Sources */ = {
			isa = PBXSourcesBuildPhase;
			buildActionMask = 2147483647;
			files = (
				A4027F782C743AD300750BA3 /* ExerciseTrackerModel.swift in Sources */,
				A430CDBF2C75942D0085946B /* WeeklyStreakView.swift in Sources */,
				A430CDB52C75927C0085946B /* ExerciseType.swift in Sources */,
				A430CDBB2C7593AE0085946B /* ExerciseCardView.swift in Sources */,
				2BA883322C73B076008365C8 /* MainView.swift in Sources */,
				A430CDAF2C7591610085946B /* DummyExerciseTrackerRepository.swift in Sources */,
				A4027F762C743AC000750BA3 /* ExerciseTrackerViewModel.swift in Sources */,
				A430CDBD2C7593E40085946B /* WideCardViewWithProgress.swift in Sources */,
				2BA883082C73AE45008365C8 /* ContentView.swift in Sources */,
				A430CDAB2C7589BF0085946B /* PersistentExerciseTrackerRepository.swift in Sources */,
				2BA883062C73AE45008365C8 /* Mini3_PanicAttackApp.swift in Sources */,
				A430CDA82C7589830085946B /* ExerciseTrackerRepository.swift in Sources */,
				A430CDB32C7592630085946B /* Exercise.swift in Sources */,
				A430CDB92C7593990085946B /* ExerciseContentView.swift in Sources */,
			);
			runOnlyForDeploymentPostprocessing = 0;
		};
		2BA8830E2C73AE46008365C8 /* Sources */ = {
			isa = PBXSourcesBuildPhase;
			buildActionMask = 2147483647;
			files = (
				2BA883172C73AE46008365C8 /* Mini3_PanicAttackTests.swift in Sources */,
			);
			runOnlyForDeploymentPostprocessing = 0;
		};
		2BA883182C73AE46008365C8 /* Sources */ = {
			isa = PBXSourcesBuildPhase;
			buildActionMask = 2147483647;
			files = (
				2BA883212C73AE46008365C8 /* Mini3_PanicAttackUITests.swift in Sources */,
				2BA883232C73AE46008365C8 /* Mini3_PanicAttackUITestsLaunchTests.swift in Sources */,
			);
			runOnlyForDeploymentPostprocessing = 0;
		};
/* End PBXSourcesBuildPhase section */

/* Begin PBXTargetDependency section */
		2BA883142C73AE46008365C8 /* PBXTargetDependency */ = {
			isa = PBXTargetDependency;
			target = 2BA883012C73AE45008365C8 /* Mini3-PanicAttack */;
			targetProxy = 2BA883132C73AE46008365C8 /* PBXContainerItemProxy */;
		};
		2BA8831E2C73AE46008365C8 /* PBXTargetDependency */ = {
			isa = PBXTargetDependency;
			target = 2BA883012C73AE45008365C8 /* Mini3-PanicAttack */;
			targetProxy = 2BA8831D2C73AE46008365C8 /* PBXContainerItemProxy */;
		};
/* End PBXTargetDependency section */

/* Begin XCBuildConfiguration section */
		2BA883242C73AE46008365C8 /* Debug */ = {
			isa = XCBuildConfiguration;
			buildSettings = {
				ALWAYS_SEARCH_USER_PATHS = NO;
				ASSETCATALOG_COMPILER_GENERATE_SWIFT_ASSET_SYMBOL_EXTENSIONS = YES;
				CLANG_ANALYZER_NONNULL = YES;
				CLANG_ANALYZER_NUMBER_OBJECT_CONVERSION = YES_AGGRESSIVE;
				CLANG_CXX_LANGUAGE_STANDARD = "gnu++20";
				CLANG_ENABLE_MODULES = YES;
				CLANG_ENABLE_OBJC_ARC = YES;
				CLANG_ENABLE_OBJC_WEAK = YES;
				CLANG_WARN_BLOCK_CAPTURE_AUTORELEASING = YES;
				CLANG_WARN_BOOL_CONVERSION = YES;
				CLANG_WARN_COMMA = YES;
				CLANG_WARN_CONSTANT_CONVERSION = YES;
				CLANG_WARN_DEPRECATED_OBJC_IMPLEMENTATIONS = YES;
				CLANG_WARN_DIRECT_OBJC_ISA_USAGE = YES_ERROR;
				CLANG_WARN_DOCUMENTATION_COMMENTS = YES;
				CLANG_WARN_EMPTY_BODY = YES;
				CLANG_WARN_ENUM_CONVERSION = YES;
				CLANG_WARN_INFINITE_RECURSION = YES;
				CLANG_WARN_INT_CONVERSION = YES;
				CLANG_WARN_NON_LITERAL_NULL_CONVERSION = YES;
				CLANG_WARN_OBJC_IMPLICIT_RETAIN_SELF = YES;
				CLANG_WARN_OBJC_LITERAL_CONVERSION = YES;
				CLANG_WARN_OBJC_ROOT_CLASS = YES_ERROR;
				CLANG_WARN_QUOTED_INCLUDE_IN_FRAMEWORK_HEADER = YES;
				CLANG_WARN_RANGE_LOOP_ANALYSIS = YES;
				CLANG_WARN_STRICT_PROTOTYPES = YES;
				CLANG_WARN_SUSPICIOUS_MOVE = YES;
				CLANG_WARN_UNGUARDED_AVAILABILITY = YES_AGGRESSIVE;
				CLANG_WARN_UNREACHABLE_CODE = YES;
				CLANG_WARN__DUPLICATE_METHOD_MATCH = YES;
				COPY_PHASE_STRIP = NO;
				DEBUG_INFORMATION_FORMAT = dwarf;
				ENABLE_STRICT_OBJC_MSGSEND = YES;
				ENABLE_TESTABILITY = YES;
				ENABLE_USER_SCRIPT_SANDBOXING = YES;
				GCC_C_LANGUAGE_STANDARD = gnu17;
				GCC_DYNAMIC_NO_PIC = NO;
				GCC_NO_COMMON_BLOCKS = YES;
				GCC_OPTIMIZATION_LEVEL = 0;
				GCC_PREPROCESSOR_DEFINITIONS = (
					"DEBUG=1",
					"$(inherited)",
				);
				GCC_WARN_64_TO_32_BIT_CONVERSION = YES;
				GCC_WARN_ABOUT_RETURN_TYPE = YES_ERROR;
				GCC_WARN_UNDECLARED_SELECTOR = YES;
				GCC_WARN_UNINITIALIZED_AUTOS = YES_AGGRESSIVE;
				GCC_WARN_UNUSED_FUNCTION = YES;
				GCC_WARN_UNUSED_VARIABLE = YES;
				IPHONEOS_DEPLOYMENT_TARGET = 17.5;
				LOCALIZATION_PREFERS_STRING_CATALOGS = YES;
				MTL_ENABLE_DEBUG_INFO = INCLUDE_SOURCE;
				MTL_FAST_MATH = YES;
				ONLY_ACTIVE_ARCH = YES;
				SDKROOT = iphoneos;
				SWIFT_ACTIVE_COMPILATION_CONDITIONS = "DEBUG $(inherited)";
				SWIFT_OPTIMIZATION_LEVEL = "-Onone";
			};
			name = Debug;
		};
		2BA883252C73AE46008365C8 /* Release */ = {
			isa = XCBuildConfiguration;
			buildSettings = {
				ALWAYS_SEARCH_USER_PATHS = NO;
				ASSETCATALOG_COMPILER_GENERATE_SWIFT_ASSET_SYMBOL_EXTENSIONS = YES;
				CLANG_ANALYZER_NONNULL = YES;
				CLANG_ANALYZER_NUMBER_OBJECT_CONVERSION = YES_AGGRESSIVE;
				CLANG_CXX_LANGUAGE_STANDARD = "gnu++20";
				CLANG_ENABLE_MODULES = YES;
				CLANG_ENABLE_OBJC_ARC = YES;
				CLANG_ENABLE_OBJC_WEAK = YES;
				CLANG_WARN_BLOCK_CAPTURE_AUTORELEASING = YES;
				CLANG_WARN_BOOL_CONVERSION = YES;
				CLANG_WARN_COMMA = YES;
				CLANG_WARN_CONSTANT_CONVERSION = YES;
				CLANG_WARN_DEPRECATED_OBJC_IMPLEMENTATIONS = YES;
				CLANG_WARN_DIRECT_OBJC_ISA_USAGE = YES_ERROR;
				CLANG_WARN_DOCUMENTATION_COMMENTS = YES;
				CLANG_WARN_EMPTY_BODY = YES;
				CLANG_WARN_ENUM_CONVERSION = YES;
				CLANG_WARN_INFINITE_RECURSION = YES;
				CLANG_WARN_INT_CONVERSION = YES;
				CLANG_WARN_NON_LITERAL_NULL_CONVERSION = YES;
				CLANG_WARN_OBJC_IMPLICIT_RETAIN_SELF = YES;
				CLANG_WARN_OBJC_LITERAL_CONVERSION = YES;
				CLANG_WARN_OBJC_ROOT_CLASS = YES_ERROR;
				CLANG_WARN_QUOTED_INCLUDE_IN_FRAMEWORK_HEADER = YES;
				CLANG_WARN_RANGE_LOOP_ANALYSIS = YES;
				CLANG_WARN_STRICT_PROTOTYPES = YES;
				CLANG_WARN_SUSPICIOUS_MOVE = YES;
				CLANG_WARN_UNGUARDED_AVAILABILITY = YES_AGGRESSIVE;
				CLANG_WARN_UNREACHABLE_CODE = YES;
				CLANG_WARN__DUPLICATE_METHOD_MATCH = YES;
				COPY_PHASE_STRIP = NO;
				DEBUG_INFORMATION_FORMAT = "dwarf-with-dsym";
				ENABLE_NS_ASSERTIONS = NO;
				ENABLE_STRICT_OBJC_MSGSEND = YES;
				ENABLE_USER_SCRIPT_SANDBOXING = YES;
				GCC_C_LANGUAGE_STANDARD = gnu17;
				GCC_NO_COMMON_BLOCKS = YES;
				GCC_WARN_64_TO_32_BIT_CONVERSION = YES;
				GCC_WARN_ABOUT_RETURN_TYPE = YES_ERROR;
				GCC_WARN_UNDECLARED_SELECTOR = YES;
				GCC_WARN_UNINITIALIZED_AUTOS = YES_AGGRESSIVE;
				GCC_WARN_UNUSED_FUNCTION = YES;
				GCC_WARN_UNUSED_VARIABLE = YES;
				IPHONEOS_DEPLOYMENT_TARGET = 17.5;
				LOCALIZATION_PREFERS_STRING_CATALOGS = YES;
				MTL_ENABLE_DEBUG_INFO = NO;
				MTL_FAST_MATH = YES;
				SDKROOT = iphoneos;
				SWIFT_COMPILATION_MODE = wholemodule;
				VALIDATE_PRODUCT = YES;
			};
			name = Release;
		};
		2BA883272C73AE46008365C8 /* Debug */ = {
			isa = XCBuildConfiguration;
			buildSettings = {
				ASSETCATALOG_COMPILER_APPICON_NAME = AppIcon;
				ASSETCATALOG_COMPILER_GLOBAL_ACCENT_COLOR_NAME = AccentColor;
				CODE_SIGN_IDENTITY = "Apple Development";
				CODE_SIGN_STYLE = Automatic;
				CURRENT_PROJECT_VERSION = 1;
				DEVELOPMENT_ASSET_PATHS = "\"Mini3-PanicAttack/Preview Content\"";
				DEVELOPMENT_TEAM = YTWBVW7W5F;
				ENABLE_PREVIEWS = YES;
				GENERATE_INFOPLIST_FILE = YES;
				INFOPLIST_FILE = "Mini3-PanicAttack/Info.plist";
				INFOPLIST_KEY_UIApplicationSceneManifest_Generation = YES;
				INFOPLIST_KEY_UIApplicationSupportsIndirectInputEvents = YES;
				INFOPLIST_KEY_UILaunchScreen_Generation = YES;
				INFOPLIST_KEY_UISupportedInterfaceOrientations = "UIInterfaceOrientationLandscapeLeft UIInterfaceOrientationLandscapeRight UIInterfaceOrientationPortrait";
				INFOPLIST_KEY_UISupportedInterfaceOrientations_iPad = "UIInterfaceOrientationLandscapeLeft UIInterfaceOrientationLandscapeRight UIInterfaceOrientationPortrait UIInterfaceOrientationPortraitUpsideDown";
				LD_RUNPATH_SEARCH_PATHS = (
					"$(inherited)",
					"@executable_path/Frameworks",
				);
				MARKETING_VERSION = 1.0;
				PRODUCT_BUNDLE_IDENTIFIER = "com.yourpet.Mini3-PanicAttack";
				PRODUCT_NAME = "$(TARGET_NAME)";
				PROVISIONING_PROFILE_SPECIFIER = "";
				SWIFT_EMIT_LOC_STRINGS = YES;
				SWIFT_VERSION = 5.0;
				TARGETED_DEVICE_FAMILY = "1,2";
			};
			name = Debug;
		};
		2BA883282C73AE46008365C8 /* Release */ = {
			isa = XCBuildConfiguration;
			buildSettings = {
				ASSETCATALOG_COMPILER_APPICON_NAME = AppIcon;
				ASSETCATALOG_COMPILER_GLOBAL_ACCENT_COLOR_NAME = AccentColor;
				CODE_SIGN_IDENTITY = "Apple Development";
				CODE_SIGN_STYLE = Automatic;
				CURRENT_PROJECT_VERSION = 1;
				DEVELOPMENT_ASSET_PATHS = "\"Mini3-PanicAttack/Preview Content\"";
				DEVELOPMENT_TEAM = YTWBVW7W5F;
				ENABLE_PREVIEWS = YES;
				GENERATE_INFOPLIST_FILE = YES;
				INFOPLIST_FILE = "Mini3-PanicAttack/Info.plist";
				INFOPLIST_KEY_UIApplicationSceneManifest_Generation = YES;
				INFOPLIST_KEY_UIApplicationSupportsIndirectInputEvents = YES;
				INFOPLIST_KEY_UILaunchScreen_Generation = YES;
				INFOPLIST_KEY_UISupportedInterfaceOrientations = "UIInterfaceOrientationLandscapeLeft UIInterfaceOrientationLandscapeRight UIInterfaceOrientationPortrait";
				INFOPLIST_KEY_UISupportedInterfaceOrientations_iPad = "UIInterfaceOrientationLandscapeLeft UIInterfaceOrientationLandscapeRight UIInterfaceOrientationPortrait UIInterfaceOrientationPortraitUpsideDown";
				LD_RUNPATH_SEARCH_PATHS = (
					"$(inherited)",
					"@executable_path/Frameworks",
				);
				MARKETING_VERSION = 1.0;
				PRODUCT_BUNDLE_IDENTIFIER = "com.yourpet.Mini3-PanicAttack";
				PRODUCT_NAME = "$(TARGET_NAME)";
				PROVISIONING_PROFILE_SPECIFIER = "";
				SWIFT_EMIT_LOC_STRINGS = YES;
				SWIFT_VERSION = 5.0;
				TARGETED_DEVICE_FAMILY = "1,2";
			};
			name = Release;
		};
		2BA8832A2C73AE46008365C8 /* Debug */ = {
			isa = XCBuildConfiguration;
			buildSettings = {
				ALWAYS_EMBED_SWIFT_STANDARD_LIBRARIES = YES;
				BUNDLE_LOADER = "$(TEST_HOST)";
				CODE_SIGN_STYLE = Automatic;
				CURRENT_PROJECT_VERSION = 1;
				DEVELOPMENT_TEAM = N2K3R4X37B;
				GENERATE_INFOPLIST_FILE = YES;
				IPHONEOS_DEPLOYMENT_TARGET = 17.5;
				MARKETING_VERSION = 1.0;
				PRODUCT_BUNDLE_IDENTIFIER = "com.yourpet.Mini3-PanicAttackTests";
				PRODUCT_NAME = "$(TARGET_NAME)";
				SWIFT_EMIT_LOC_STRINGS = NO;
				SWIFT_VERSION = 5.0;
				TARGETED_DEVICE_FAMILY = "1,2";
				TEST_HOST = "$(BUILT_PRODUCTS_DIR)/Mini3-PanicAttack.app/$(BUNDLE_EXECUTABLE_FOLDER_PATH)/Mini3-PanicAttack";
			};
			name = Debug;
		};
		2BA8832B2C73AE46008365C8 /* Release */ = {
			isa = XCBuildConfiguration;
			buildSettings = {
				ALWAYS_EMBED_SWIFT_STANDARD_LIBRARIES = YES;
				BUNDLE_LOADER = "$(TEST_HOST)";
				CODE_SIGN_STYLE = Automatic;
				CURRENT_PROJECT_VERSION = 1;
				DEVELOPMENT_TEAM = N2K3R4X37B;
				GENERATE_INFOPLIST_FILE = YES;
				IPHONEOS_DEPLOYMENT_TARGET = 17.5;
				MARKETING_VERSION = 1.0;
				PRODUCT_BUNDLE_IDENTIFIER = "com.yourpet.Mini3-PanicAttackTests";
				PRODUCT_NAME = "$(TARGET_NAME)";
				SWIFT_EMIT_LOC_STRINGS = NO;
				SWIFT_VERSION = 5.0;
				TARGETED_DEVICE_FAMILY = "1,2";
				TEST_HOST = "$(BUILT_PRODUCTS_DIR)/Mini3-PanicAttack.app/$(BUNDLE_EXECUTABLE_FOLDER_PATH)/Mini3-PanicAttack";
			};
			name = Release;
		};
		2BA8832D2C73AE46008365C8 /* Debug */ = {
			isa = XCBuildConfiguration;
			buildSettings = {
				ALWAYS_EMBED_SWIFT_STANDARD_LIBRARIES = YES;
				CODE_SIGN_STYLE = Automatic;
				CURRENT_PROJECT_VERSION = 1;
				DEVELOPMENT_TEAM = N2K3R4X37B;
				GENERATE_INFOPLIST_FILE = YES;
				MARKETING_VERSION = 1.0;
				PRODUCT_BUNDLE_IDENTIFIER = "com.yourpet.Mini3-PanicAttackUITests";
				PRODUCT_NAME = "$(TARGET_NAME)";
				SWIFT_EMIT_LOC_STRINGS = NO;
				SWIFT_VERSION = 5.0;
				TARGETED_DEVICE_FAMILY = "1,2";
				TEST_TARGET_NAME = "Mini3-PanicAttack";
			};
			name = Debug;
		};
		2BA8832E2C73AE46008365C8 /* Release */ = {
			isa = XCBuildConfiguration;
			buildSettings = {
				ALWAYS_EMBED_SWIFT_STANDARD_LIBRARIES = YES;
				CODE_SIGN_STYLE = Automatic;
				CURRENT_PROJECT_VERSION = 1;
				DEVELOPMENT_TEAM = N2K3R4X37B;
				GENERATE_INFOPLIST_FILE = YES;
				MARKETING_VERSION = 1.0;
				PRODUCT_BUNDLE_IDENTIFIER = "com.yourpet.Mini3-PanicAttackUITests";
				PRODUCT_NAME = "$(TARGET_NAME)";
				SWIFT_EMIT_LOC_STRINGS = NO;
				SWIFT_VERSION = 5.0;
				TARGETED_DEVICE_FAMILY = "1,2";
				TEST_TARGET_NAME = "Mini3-PanicAttack";
			};
			name = Release;
		};
/* End XCBuildConfiguration section */

/* Begin XCConfigurationList section */
		2BA882FD2C73AE45008365C8 /* Build configuration list for PBXProject "Mini3-PanicAttack" */ = {
			isa = XCConfigurationList;
			buildConfigurations = (
				2BA883242C73AE46008365C8 /* Debug */,
				2BA883252C73AE46008365C8 /* Release */,
			);
			defaultConfigurationIsVisible = 0;
			defaultConfigurationName = Release;
		};
		2BA883262C73AE46008365C8 /* Build configuration list for PBXNativeTarget "Mini3-PanicAttack" */ = {
			isa = XCConfigurationList;
			buildConfigurations = (
				2BA883272C73AE46008365C8 /* Debug */,
				2BA883282C73AE46008365C8 /* Release */,
			);
			defaultConfigurationIsVisible = 0;
			defaultConfigurationName = Release;
		};
		2BA883292C73AE46008365C8 /* Build configuration list for PBXNativeTarget "Mini3-PanicAttackTests" */ = {
			isa = XCConfigurationList;
			buildConfigurations = (
				2BA8832A2C73AE46008365C8 /* Debug */,
				2BA8832B2C73AE46008365C8 /* Release */,
			);
			defaultConfigurationIsVisible = 0;
			defaultConfigurationName = Release;
		};
		2BA8832C2C73AE46008365C8 /* Build configuration list for PBXNativeTarget "Mini3-PanicAttackUITests" */ = {
			isa = XCConfigurationList;
			buildConfigurations = (
				2BA8832D2C73AE46008365C8 /* Debug */,
				2BA8832E2C73AE46008365C8 /* Release */,
			);
			defaultConfigurationIsVisible = 0;
			defaultConfigurationName = Release;
		};
/* End XCConfigurationList section */
	};
	rootObject = 2BA882FA2C73AE45008365C8 /* Project object */;
}
