// !$*UTF8*$!
{
	archiveVersion = 1;
	classes = {
	};
	objectVersion = 56;
	objects = {

/* Begin PBXBuildFile section */
		2BA883062C73AE45008365C8 /* Mini3_PanicAttackApp.swift in Sources */ = {isa = PBXBuildFile; fileRef = 2BA883052C73AE45008365C8 /* Mini3_PanicAttackApp.swift */; };
		2BA8830A2C73AE46008365C8 /* Assets.xcassets in Resources */ = {isa = PBXBuildFile; fileRef = 2BA883092C73AE46008365C8 /* Assets.xcassets */; };
		2BA8830D2C73AE46008365C8 /* Preview Assets.xcassets in Resources */ = {isa = PBXBuildFile; fileRef = 2BA8830C2C73AE46008365C8 /* Preview Assets.xcassets */; };
		2BA883172C73AE46008365C8 /* Mini3_PanicAttackTests.swift in Sources */ = {isa = PBXBuildFile; fileRef = 2BA883162C73AE46008365C8 /* Mini3_PanicAttackTests.swift */; };
		2BA883212C73AE46008365C8 /* Mini3_PanicAttackUITests.swift in Sources */ = {isa = PBXBuildFile; fileRef = 2BA883202C73AE46008365C8 /* Mini3_PanicAttackUITests.swift */; };
		2BA883232C73AE46008365C8 /* Mini3_PanicAttackUITestsLaunchTests.swift in Sources */ = {isa = PBXBuildFile; fileRef = 2BA883222C73AE46008365C8 /* Mini3_PanicAttackUITestsLaunchTests.swift */; };
		A44A58922C77254800F8E883 /* BreathingAnimationComponent.swift in Sources */ = {isa = PBXBuildFile; fileRef = A44A588A2C77254800F8E883 /* BreathingAnimationComponent.swift */; };
		A44A58932C77254800F8E883 /* BreathingInactiveComponent.swift in Sources */ = {isa = PBXBuildFile; fileRef = A44A588B2C77254800F8E883 /* BreathingInactiveComponent.swift */; };
		A44A58942C77254800F8E883 /* HapticButtonComponent.swift in Sources */ = {isa = PBXBuildFile; fileRef = A44A588C2C77254800F8E883 /* HapticButtonComponent.swift */; };
		A44A58952C77254800F8E883 /* MusicButtonComponent.swift in Sources */ = {isa = PBXBuildFile; fileRef = A44A588D2C77254800F8E883 /* MusicButtonComponent.swift */; };
		A44A58962C77254800F8E883 /* PauseButtonComponent.swift in Sources */ = {isa = PBXBuildFile; fileRef = A44A588E2C77254800F8E883 /* PauseButtonComponent.swift */; };
		A44A58972C77254800F8E883 /* PlayButtonComponent.swift in Sources */ = {isa = PBXBuildFile; fileRef = A44A588F2C77254800F8E883 /* PlayButtonComponent.swift */; };
		A44A58982C77254800F8E883 /* ProgressBarComponent.swift in Sources */ = {isa = PBXBuildFile; fileRef = A44A58902C77254800F8E883 /* ProgressBarComponent.swift */; };
		A44A589C2C77255600F8E883 /* BreathingAnimationComponentExtension.swift in Sources */ = {isa = PBXBuildFile; fileRef = A44A58992C77255600F8E883 /* BreathingAnimationComponentExtension.swift */; };
		A44A589D2C77255600F8E883 /* ColorsExtension.swift in Sources */ = {isa = PBXBuildFile; fileRef = A44A589A2C77255600F8E883 /* ColorsExtension.swift */; };
		A44A58A22C77256800F8E883 /* Exercise.swift in Sources */ = {isa = PBXBuildFile; fileRef = A44A589E2C77256800F8E883 /* Exercise.swift */; };
		A44A58A32C77256800F8E883 /* ExerciseTrackerModel.swift in Sources */ = {isa = PBXBuildFile; fileRef = A44A589F2C77256800F8E883 /* ExerciseTrackerModel.swift */; };
		A44A58A42C77256800F8E883 /* ExerciseType.swift in Sources */ = {isa = PBXBuildFile; fileRef = A44A58A02C77256800F8E883 /* ExerciseType.swift */; };
		A44A58A72C77257700F8E883 /* AudioPlayerProtocol.swift in Sources */ = {isa = PBXBuildFile; fileRef = A44A58A52C77257700F8E883 /* AudioPlayerProtocol.swift */; };
		A44A58AF2C77258100F8E883 /* DummyExerciseTrackerRepository.swift in Sources */ = {isa = PBXBuildFile; fileRef = A44A58A82C77258100F8E883 /* DummyExerciseTrackerRepository.swift */; };
		A44A58B02C77258100F8E883 /* PersistentExerciseTrackerRepository.swift in Sources */ = {isa = PBXBuildFile; fileRef = A44A58AA2C77258100F8E883 /* PersistentExerciseTrackerRepository.swift */; };
		A44A58B12C77258100F8E883 /* ExerciseTrackerRepository.swift in Sources */ = {isa = PBXBuildFile; fileRef = A44A58AC2C77258100F8E883 /* ExerciseTrackerRepository.swift */; };
		A44A58B62C77258C00F8E883 /* AudioPlayerManager.swift in Sources */ = {isa = PBXBuildFile; fileRef = A44A58B22C77258C00F8E883 /* AudioPlayerManager.swift */; };
		A44A58B72C77258C00F8E883 /* CycleCountManager.swift in Sources */ = {isa = PBXBuildFile; fileRef = A44A58B32C77258C00F8E883 /* CycleCountManager.swift */; };
		A44A58B82C77258C00F8E883 /* HapticsManager.swift in Sources */ = {isa = PBXBuildFile; fileRef = A44A58B42C77258C00F8E883 /* HapticsManager.swift */; };
		A44A58BB2C77259500F8E883 /* ExerciseTrackerViewModel.swift in Sources */ = {isa = PBXBuildFile; fileRef = A44A58B92C77259500F8E883 /* ExerciseTrackerViewModel.swift */; };
		A44A58C82C7725A300F8E883 /* ExerciseCardView.swift in Sources */ = {isa = PBXBuildFile; fileRef = A44A58BC2C7725A300F8E883 /* ExerciseCardView.swift */; };
		A44A58C92C7725A300F8E883 /* ExerciseContentView.swift in Sources */ = {isa = PBXBuildFile; fileRef = A44A58BD2C7725A300F8E883 /* ExerciseContentView.swift */; };
		A44A58CA2C7725A300F8E883 /* WeeklyStreakView.swift in Sources */ = {isa = PBXBuildFile; fileRef = A44A58BE2C7725A300F8E883 /* WeeklyStreakView.swift */; };
		A44A58CB2C7725A300F8E883 /* WideCardViewWithProgress.swift in Sources */ = {isa = PBXBuildFile; fileRef = A44A58BF2C7725A300F8E883 /* WideCardViewWithProgress.swift */; };
		A44A58CC2C7725A300F8E883 /* MainView.swift in Sources */ = {isa = PBXBuildFile; fileRef = A44A58C12C7725A300F8E883 /* MainView.swift */; };
		A44A58CD2C7725A300F8E883 /* BreathingExerciseView.swift in Sources */ = {isa = PBXBuildFile; fileRef = A44A58C32C7725A300F8E883 /* BreathingExerciseView.swift */; };
		A44A58CE2C7725A300F8E883 /* BreathingSessionView.swift in Sources */ = {isa = PBXBuildFile; fileRef = A44A58C42C7725A300F8E883 /* BreathingSessionView.swift */; };
		A44A58CF2C7725A300F8E883 /* CongratulationView.swift in Sources */ = {isa = PBXBuildFile; fileRef = A44A58C52C7725A300F8E883 /* CongratulationView.swift */; };
		A44A58D02C7725A300F8E883 /* ContentView.swift in Sources */ = {isa = PBXBuildFile; fileRef = A44A58C62C7725A300F8E883 /* ContentView.swift */; };
		A44A58E02C7725CE00F8E883 /* Rubik-Black.ttf in Resources */ = {isa = PBXBuildFile; fileRef = A44A58D12C7725CE00F8E883 /* Rubik-Black.ttf */; };
		A44A58E12C7725CE00F8E883 /* Rubik-BlackItalic.ttf in Resources */ = {isa = PBXBuildFile; fileRef = A44A58D22C7725CE00F8E883 /* Rubik-BlackItalic.ttf */; };
		A44A58E22C7725CE00F8E883 /* Rubik-Bold.ttf in Resources */ = {isa = PBXBuildFile; fileRef = A44A58D32C7725CE00F8E883 /* Rubik-Bold.ttf */; };
		A44A58E32C7725CE00F8E883 /* Rubik-BoldItalic.ttf in Resources */ = {isa = PBXBuildFile; fileRef = A44A58D42C7725CE00F8E883 /* Rubik-BoldItalic.ttf */; };
		A44A58E42C7725CE00F8E883 /* Rubik-ExtraBold.ttf in Resources */ = {isa = PBXBuildFile; fileRef = A44A58D52C7725CE00F8E883 /* Rubik-ExtraBold.ttf */; };
		A44A58E52C7725CE00F8E883 /* Rubik-ExtraBoldItalic.ttf in Resources */ = {isa = PBXBuildFile; fileRef = A44A58D62C7725CE00F8E883 /* Rubik-ExtraBoldItalic.ttf */; };
		A44A58E62C7725CE00F8E883 /* Rubik-Italic.ttf in Resources */ = {isa = PBXBuildFile; fileRef = A44A58D72C7725CE00F8E883 /* Rubik-Italic.ttf */; };
		A44A58E72C7725CE00F8E883 /* Rubik-Light.ttf in Resources */ = {isa = PBXBuildFile; fileRef = A44A58D82C7725CE00F8E883 /* Rubik-Light.ttf */; };
		A44A58E82C7725CE00F8E883 /* Rubik-LightItalic.ttf in Resources */ = {isa = PBXBuildFile; fileRef = A44A58D92C7725CE00F8E883 /* Rubik-LightItalic.ttf */; };
		A44A58E92C7725CE00F8E883 /* Rubik-Medium.ttf in Resources */ = {isa = PBXBuildFile; fileRef = A44A58DA2C7725CE00F8E883 /* Rubik-Medium.ttf */; };
		A44A58EA2C7725CE00F8E883 /* Rubik-MediumItalic.ttf in Resources */ = {isa = PBXBuildFile; fileRef = A44A58DB2C7725CE00F8E883 /* Rubik-MediumItalic.ttf */; };
		A44A58EB2C7725CE00F8E883 /* Rubik-Regular.ttf in Resources */ = {isa = PBXBuildFile; fileRef = A44A58DC2C7725CE00F8E883 /* Rubik-Regular.ttf */; };
		A44A58EC2C7725CE00F8E883 /* Rubik-SemiBold.ttf in Resources */ = {isa = PBXBuildFile; fileRef = A44A58DD2C7725CE00F8E883 /* Rubik-SemiBold.ttf */; };
		A44A58ED2C7725CE00F8E883 /* Rubik-SemiBoldItalic.ttf in Resources */ = {isa = PBXBuildFile; fileRef = A44A58DE2C7725CE00F8E883 /* Rubik-SemiBoldItalic.ttf */; };
		A44A58F02C77270200F8E883 /* Buzz in Frameworks */ = {isa = PBXBuildFile; productRef = A44A58EF2C77270200F8E883 /* Buzz */; };
		A44A58F22C77272C00F8E883 /* breathingExerciseSound.mp3 in Resources */ = {isa = PBXBuildFile; fileRef = A44A58F12C77272C00F8E883 /* breathingExerciseSound.mp3 */; };
/* End PBXBuildFile section */

/* Begin PBXContainerItemProxy section */
		2BA883132C73AE46008365C8 /* PBXContainerItemProxy */ = {
			isa = PBXContainerItemProxy;
			containerPortal = 2BA882FA2C73AE45008365C8 /* Project object */;
			proxyType = 1;
			remoteGlobalIDString = 2BA883012C73AE45008365C8;
			remoteInfo = "Mini3-PanicAttack";
		};
		2BA8831D2C73AE46008365C8 /* PBXContainerItemProxy */ = {
			isa = PBXContainerItemProxy;
			containerPortal = 2BA882FA2C73AE45008365C8 /* Project object */;
			proxyType = 1;
			remoteGlobalIDString = 2BA883012C73AE45008365C8;
			remoteInfo = "Mini3-PanicAttack";
		};
/* End PBXContainerItemProxy section */

/* Begin PBXFileReference section */
		2BA883022C73AE45008365C8 /* Mini3-PanicAttack.app */ = {isa = PBXFileReference; explicitFileType = wrapper.application; includeInIndex = 0; path = "Mini3-PanicAttack.app"; sourceTree = BUILT_PRODUCTS_DIR; };
		2BA883052C73AE45008365C8 /* Mini3_PanicAttackApp.swift */ = {isa = PBXFileReference; lastKnownFileType = sourcecode.swift; path = Mini3_PanicAttackApp.swift; sourceTree = "<group>"; };
		2BA883092C73AE46008365C8 /* Assets.xcassets */ = {isa = PBXFileReference; lastKnownFileType = folder.assetcatalog; path = Assets.xcassets; sourceTree = "<group>"; };
		2BA8830C2C73AE46008365C8 /* Preview Assets.xcassets */ = {isa = PBXFileReference; lastKnownFileType = folder.assetcatalog; path = "Preview Assets.xcassets"; sourceTree = "<group>"; };
		2BA883122C73AE46008365C8 /* Mini3-PanicAttackTests.xctest */ = {isa = PBXFileReference; explicitFileType = wrapper.cfbundle; includeInIndex = 0; path = "Mini3-PanicAttackTests.xctest"; sourceTree = BUILT_PRODUCTS_DIR; };
		2BA883162C73AE46008365C8 /* Mini3_PanicAttackTests.swift */ = {isa = PBXFileReference; lastKnownFileType = sourcecode.swift; path = Mini3_PanicAttackTests.swift; sourceTree = "<group>"; };
		2BA8831C2C73AE46008365C8 /* Mini3-PanicAttackUITests.xctest */ = {isa = PBXFileReference; explicitFileType = wrapper.cfbundle; includeInIndex = 0; path = "Mini3-PanicAttackUITests.xctest"; sourceTree = BUILT_PRODUCTS_DIR; };
		2BA883202C73AE46008365C8 /* Mini3_PanicAttackUITests.swift */ = {isa = PBXFileReference; lastKnownFileType = sourcecode.swift; path = Mini3_PanicAttackUITests.swift; sourceTree = "<group>"; };
		2BA883222C73AE46008365C8 /* Mini3_PanicAttackUITestsLaunchTests.swift */ = {isa = PBXFileReference; lastKnownFileType = sourcecode.swift; path = Mini3_PanicAttackUITestsLaunchTests.swift; sourceTree = "<group>"; };
		2BA8833D2C743281008365C8 /* Info.plist */ = {isa = PBXFileReference; lastKnownFileType = text.plist.xml; path = Info.plist; sourceTree = "<group>"; };
		A44A588A2C77254800F8E883 /* BreathingAnimationComponent.swift */ = {isa = PBXFileReference; fileEncoding = 4; lastKnownFileType = sourcecode.swift; path = BreathingAnimationComponent.swift; sourceTree = "<group>"; };
		A44A588B2C77254800F8E883 /* BreathingInactiveComponent.swift */ = {isa = PBXFileReference; fileEncoding = 4; lastKnownFileType = sourcecode.swift; path = BreathingInactiveComponent.swift; sourceTree = "<group>"; };
		A44A588C2C77254800F8E883 /* HapticButtonComponent.swift */ = {isa = PBXFileReference; fileEncoding = 4; lastKnownFileType = sourcecode.swift; path = HapticButtonComponent.swift; sourceTree = "<group>"; };
		A44A588D2C77254800F8E883 /* MusicButtonComponent.swift */ = {isa = PBXFileReference; fileEncoding = 4; lastKnownFileType = sourcecode.swift; path = MusicButtonComponent.swift; sourceTree = "<group>"; };
		A44A588E2C77254800F8E883 /* PauseButtonComponent.swift */ = {isa = PBXFileReference; fileEncoding = 4; lastKnownFileType = sourcecode.swift; path = PauseButtonComponent.swift; sourceTree = "<group>"; };
		A44A588F2C77254800F8E883 /* PlayButtonComponent.swift */ = {isa = PBXFileReference; fileEncoding = 4; lastKnownFileType = sourcecode.swift; path = PlayButtonComponent.swift; sourceTree = "<group>"; };
		A44A58902C77254800F8E883 /* ProgressBarComponent.swift */ = {isa = PBXFileReference; fileEncoding = 4; lastKnownFileType = sourcecode.swift; path = ProgressBarComponent.swift; sourceTree = "<group>"; };
		A44A58992C77255600F8E883 /* BreathingAnimationComponentExtension.swift */ = {isa = PBXFileReference; fileEncoding = 4; lastKnownFileType = sourcecode.swift; path = BreathingAnimationComponentExtension.swift; sourceTree = "<group>"; };
		A44A589A2C77255600F8E883 /* ColorsExtension.swift */ = {isa = PBXFileReference; fileEncoding = 4; lastKnownFileType = sourcecode.swift; path = ColorsExtension.swift; sourceTree = "<group>"; };
		A44A589E2C77256800F8E883 /* Exercise.swift */ = {isa = PBXFileReference; fileEncoding = 4; lastKnownFileType = sourcecode.swift; path = Exercise.swift; sourceTree = "<group>"; };
		A44A589F2C77256800F8E883 /* ExerciseTrackerModel.swift */ = {isa = PBXFileReference; fileEncoding = 4; lastKnownFileType = sourcecode.swift; path = ExerciseTrackerModel.swift; sourceTree = "<group>"; };
		A44A58A02C77256800F8E883 /* ExerciseType.swift */ = {isa = PBXFileReference; fileEncoding = 4; lastKnownFileType = sourcecode.swift; path = ExerciseType.swift; sourceTree = "<group>"; };
		A44A58A52C77257700F8E883 /* AudioPlayerProtocol.swift */ = {isa = PBXFileReference; fileEncoding = 4; lastKnownFileType = sourcecode.swift; path = AudioPlayerProtocol.swift; sourceTree = "<group>"; };
		A44A58A82C77258100F8E883 /* DummyExerciseTrackerRepository.swift */ = {isa = PBXFileReference; fileEncoding = 4; lastKnownFileType = sourcecode.swift; path = DummyExerciseTrackerRepository.swift; sourceTree = "<group>"; };
		A44A58AA2C77258100F8E883 /* PersistentExerciseTrackerRepository.swift */ = {isa = PBXFileReference; fileEncoding = 4; lastKnownFileType = sourcecode.swift; path = PersistentExerciseTrackerRepository.swift; sourceTree = "<group>"; };
		A44A58AC2C77258100F8E883 /* ExerciseTrackerRepository.swift */ = {isa = PBXFileReference; fileEncoding = 4; lastKnownFileType = sourcecode.swift; path = ExerciseTrackerRepository.swift; sourceTree = "<group>"; };
		A44A58B22C77258C00F8E883 /* AudioPlayerManager.swift */ = {isa = PBXFileReference; fileEncoding = 4; lastKnownFileType = sourcecode.swift; path = AudioPlayerManager.swift; sourceTree = "<group>"; };
		A44A58B32C77258C00F8E883 /* CycleCountManager.swift */ = {isa = PBXFileReference; fileEncoding = 4; lastKnownFileType = sourcecode.swift; path = CycleCountManager.swift; sourceTree = "<group>"; };
		A44A58B42C77258C00F8E883 /* HapticsManager.swift */ = {isa = PBXFileReference; fileEncoding = 4; lastKnownFileType = sourcecode.swift; path = HapticsManager.swift; sourceTree = "<group>"; };
		A44A58B92C77259500F8E883 /* ExerciseTrackerViewModel.swift */ = {isa = PBXFileReference; fileEncoding = 4; lastKnownFileType = sourcecode.swift; path = ExerciseTrackerViewModel.swift; sourceTree = "<group>"; };
		A44A58BC2C7725A300F8E883 /* ExerciseCardView.swift */ = {isa = PBXFileReference; fileEncoding = 4; lastKnownFileType = sourcecode.swift; path = ExerciseCardView.swift; sourceTree = "<group>"; };
		A44A58BD2C7725A300F8E883 /* ExerciseContentView.swift */ = {isa = PBXFileReference; fileEncoding = 4; lastKnownFileType = sourcecode.swift; path = ExerciseContentView.swift; sourceTree = "<group>"; };
		A44A58BE2C7725A300F8E883 /* WeeklyStreakView.swift */ = {isa = PBXFileReference; fileEncoding = 4; lastKnownFileType = sourcecode.swift; path = WeeklyStreakView.swift; sourceTree = "<group>"; };
		A44A58BF2C7725A300F8E883 /* WideCardViewWithProgress.swift */ = {isa = PBXFileReference; fileEncoding = 4; lastKnownFileType = sourcecode.swift; path = WideCardViewWithProgress.swift; sourceTree = "<group>"; };
		A44A58C12C7725A300F8E883 /* MainView.swift */ = {isa = PBXFileReference; fileEncoding = 4; lastKnownFileType = sourcecode.swift; path = MainView.swift; sourceTree = "<group>"; };
		A44A58C32C7725A300F8E883 /* BreathingExerciseView.swift */ = {isa = PBXFileReference; fileEncoding = 4; lastKnownFileType = sourcecode.swift; path = BreathingExerciseView.swift; sourceTree = "<group>"; };
		A44A58C42C7725A300F8E883 /* BreathingSessionView.swift */ = {isa = PBXFileReference; fileEncoding = 4; lastKnownFileType = sourcecode.swift; path = BreathingSessionView.swift; sourceTree = "<group>"; };
		A44A58C52C7725A300F8E883 /* CongratulationView.swift */ = {isa = PBXFileReference; fileEncoding = 4; lastKnownFileType = sourcecode.swift; path = CongratulationView.swift; sourceTree = "<group>"; };
		A44A58C62C7725A300F8E883 /* ContentView.swift */ = {isa = PBXFileReference; fileEncoding = 4; lastKnownFileType = sourcecode.swift; path = ContentView.swift; sourceTree = "<group>"; };
		A44A58D12C7725CE00F8E883 /* Rubik-Black.ttf */ = {isa = PBXFileReference; lastKnownFileType = file; path = "Rubik-Black.ttf"; sourceTree = "<group>"; };
		A44A58D22C7725CE00F8E883 /* Rubik-BlackItalic.ttf */ = {isa = PBXFileReference; lastKnownFileType = file; path = "Rubik-BlackItalic.ttf"; sourceTree = "<group>"; };
		A44A58D32C7725CE00F8E883 /* Rubik-Bold.ttf */ = {isa = PBXFileReference; lastKnownFileType = file; path = "Rubik-Bold.ttf"; sourceTree = "<group>"; };
		A44A58D42C7725CE00F8E883 /* Rubik-BoldItalic.ttf */ = {isa = PBXFileReference; lastKnownFileType = file; path = "Rubik-BoldItalic.ttf"; sourceTree = "<group>"; };
		A44A58D52C7725CE00F8E883 /* Rubik-ExtraBold.ttf */ = {isa = PBXFileReference; lastKnownFileType = file; path = "Rubik-ExtraBold.ttf"; sourceTree = "<group>"; };
		A44A58D62C7725CE00F8E883 /* Rubik-ExtraBoldItalic.ttf */ = {isa = PBXFileReference; lastKnownFileType = file; path = "Rubik-ExtraBoldItalic.ttf"; sourceTree = "<group>"; };
		A44A58D72C7725CE00F8E883 /* Rubik-Italic.ttf */ = {isa = PBXFileReference; lastKnownFileType = file; path = "Rubik-Italic.ttf"; sourceTree = "<group>"; };
		A44A58D82C7725CE00F8E883 /* Rubik-Light.ttf */ = {isa = PBXFileReference; lastKnownFileType = file; path = "Rubik-Light.ttf"; sourceTree = "<group>"; };
		A44A58D92C7725CE00F8E883 /* Rubik-LightItalic.ttf */ = {isa = PBXFileReference; lastKnownFileType = file; path = "Rubik-LightItalic.ttf"; sourceTree = "<group>"; };
		A44A58DA2C7725CE00F8E883 /* Rubik-Medium.ttf */ = {isa = PBXFileReference; lastKnownFileType = file; path = "Rubik-Medium.ttf"; sourceTree = "<group>"; };
		A44A58DB2C7725CE00F8E883 /* Rubik-MediumItalic.ttf */ = {isa = PBXFileReference; lastKnownFileType = file; path = "Rubik-MediumItalic.ttf"; sourceTree = "<group>"; };
		A44A58DC2C7725CE00F8E883 /* Rubik-Regular.ttf */ = {isa = PBXFileReference; lastKnownFileType = file; path = "Rubik-Regular.ttf"; sourceTree = "<group>"; };
		A44A58DD2C7725CE00F8E883 /* Rubik-SemiBold.ttf */ = {isa = PBXFileReference; lastKnownFileType = file; path = "Rubik-SemiBold.ttf"; sourceTree = "<group>"; };
		A44A58DE2C7725CE00F8E883 /* Rubik-SemiBoldItalic.ttf */ = {isa = PBXFileReference; lastKnownFileType = file; path = "Rubik-SemiBoldItalic.ttf"; sourceTree = "<group>"; };
		A44A58F12C77272C00F8E883 /* breathingExerciseSound.mp3 */ = {isa = PBXFileReference; lastKnownFileType = audio.mp3; path = breathingExerciseSound.mp3; sourceTree = "<group>"; };
/* End PBXFileReference section */

/* Begin PBXFrameworksBuildPhase section */
		2BA882FF2C73AE45008365C8 /* Frameworks */ = {
			isa = PBXFrameworksBuildPhase;
			buildActionMask = 2147483647;
			files = (
				A44A58F02C77270200F8E883 /* Buzz in Frameworks */,
			);
			runOnlyForDeploymentPostprocessing = 0;
		};
		2BA8830F2C73AE46008365C8 /* Frameworks */ = {
			isa = PBXFrameworksBuildPhase;
			buildActionMask = 2147483647;
			files = (
			);
			runOnlyForDeploymentPostprocessing = 0;
		};
		2BA883192C73AE46008365C8 /* Frameworks */ = {
			isa = PBXFrameworksBuildPhase;
			buildActionMask = 2147483647;
			files = (
			);
			runOnlyForDeploymentPostprocessing = 0;
		};
/* End PBXFrameworksBuildPhase section */

/* Begin PBXGroup section */
		2BA882F92C73AE45008365C8 = {
			isa = PBXGroup;
			children = (
				2BA883042C73AE45008365C8 /* Mini3-PanicAttack */,
				2BA883152C73AE46008365C8 /* Mini3-PanicAttackTests */,
				2BA8831F2C73AE46008365C8 /* Mini3-PanicAttackUITests */,
				2BA883032C73AE45008365C8 /* Products */,
			);
			sourceTree = "<group>";
		};
		2BA883032C73AE45008365C8 /* Products */ = {
			isa = PBXGroup;
			children = (
				2BA883022C73AE45008365C8 /* Mini3-PanicAttack.app */,
				2BA883122C73AE46008365C8 /* Mini3-PanicAttackTests.xctest */,
				2BA8831C2C73AE46008365C8 /* Mini3-PanicAttackUITests.xctest */,
			);
			name = Products;
			sourceTree = "<group>";
		};
		2BA883042C73AE45008365C8 /* Mini3-PanicAttack */ = {
			isa = PBXGroup;
			children = (
				A44A58F12C77272C00F8E883 /* breathingExerciseSound.mp3 */,
				A44A58DF2C7725CE00F8E883 /* Font */,
				A44A58C72C7725A300F8E883 /* Views */,
				A44A58BA2C77259500F8E883 /* ViewModel */,
				A44A58B52C77258C00F8E883 /* Utils */,
				A44A58AE2C77258100F8E883 /* Repository */,
				A44A58A62C77257700F8E883 /* Protocols */,
				A44A58A12C77256800F8E883 /* Model */,
				A44A589B2C77255600F8E883 /* Extensions */,
				A44A58912C77254800F8E883 /* Components */,
				2BA883052C73AE45008365C8 /* Mini3_PanicAttackApp.swift */,
				2BA883092C73AE46008365C8 /* Assets.xcassets */,
				2BA8833D2C743281008365C8 /* Info.plist */,
				2BA8830B2C73AE46008365C8 /* Preview Content */,
			);
			path = "Mini3-PanicAttack";
			sourceTree = "<group>";
		};
		2BA8830B2C73AE46008365C8 /* Preview Content */ = {
			isa = PBXGroup;
			children = (
				2BA8830C2C73AE46008365C8 /* Preview Assets.xcassets */,
			);
			path = "Preview Content";
			sourceTree = "<group>";
		};
		2BA883152C73AE46008365C8 /* Mini3-PanicAttackTests */ = {
			isa = PBXGroup;
			children = (
				2BA883162C73AE46008365C8 /* Mini3_PanicAttackTests.swift */,
			);
			path = "Mini3-PanicAttackTests";
			sourceTree = "<group>";
		};
		2BA8831F2C73AE46008365C8 /* Mini3-PanicAttackUITests */ = {
			isa = PBXGroup;
			children = (
				2BA883202C73AE46008365C8 /* Mini3_PanicAttackUITests.swift */,
				2BA883222C73AE46008365C8 /* Mini3_PanicAttackUITestsLaunchTests.swift */,
			);
			path = "Mini3-PanicAttackUITests";
			sourceTree = "<group>";
		};
		A44A58912C77254800F8E883 /* Components */ = {
			isa = PBXGroup;
			children = (
				A44A588A2C77254800F8E883 /* BreathingAnimationComponent.swift */,
				A44A588B2C77254800F8E883 /* BreathingInactiveComponent.swift */,
				A44A588C2C77254800F8E883 /* HapticButtonComponent.swift */,
				A44A588D2C77254800F8E883 /* MusicButtonComponent.swift */,
				A44A588E2C77254800F8E883 /* PauseButtonComponent.swift */,
				A44A588F2C77254800F8E883 /* PlayButtonComponent.swift */,
				A44A58902C77254800F8E883 /* ProgressBarComponent.swift */,
			);
			path = Components;
			sourceTree = "<group>";
		};
		A44A589B2C77255600F8E883 /* Extensions */ = {
			isa = PBXGroup;
			children = (
				A44A58992C77255600F8E883 /* BreathingAnimationComponentExtension.swift */,
				A44A589A2C77255600F8E883 /* ColorsExtension.swift */,
			);
			path = Extensions;
			sourceTree = "<group>";
		};
		A44A58A12C77256800F8E883 /* Model */ = {
			isa = PBXGroup;
			children = (
				A44A589E2C77256800F8E883 /* Exercise.swift */,
				A44A589F2C77256800F8E883 /* ExerciseTrackerModel.swift */,
				A44A58A02C77256800F8E883 /* ExerciseType.swift */,
			);
			path = Model;
			sourceTree = "<group>";
		};
		A44A58A62C77257700F8E883 /* Protocols */ = {
			isa = PBXGroup;
			children = (
				A44A58A52C77257700F8E883 /* AudioPlayerProtocol.swift */,
			);
			path = Protocols;
			sourceTree = "<group>";
		};
		A44A58A92C77258100F8E883 /* Dummy */ = {
			isa = PBXGroup;
			children = (
				A44A58A82C77258100F8E883 /* DummyExerciseTrackerRepository.swift */,
			);
			path = Dummy;
			sourceTree = "<group>";
		};
		A44A58AB2C77258100F8E883 /* Persistent */ = {
			isa = PBXGroup;
			children = (
				A44A58AA2C77258100F8E883 /* PersistentExerciseTrackerRepository.swift */,
			);
			path = Persistent;
			sourceTree = "<group>";
		};
		A44A58AD2C77258100F8E883 /* Protocols */ = {
			isa = PBXGroup;
			children = (
				A44A58AC2C77258100F8E883 /* ExerciseTrackerRepository.swift */,
			);
			path = Protocols;
			sourceTree = "<group>";
		};
		A44A58AE2C77258100F8E883 /* Repository */ = {
			isa = PBXGroup;
			children = (
				A44A58A92C77258100F8E883 /* Dummy */,
				A44A58AB2C77258100F8E883 /* Persistent */,
				A44A58AD2C77258100F8E883 /* Protocols */,
			);
			path = Repository;
			sourceTree = "<group>";
		};
		A44A58B52C77258C00F8E883 /* Utils */ = {
			isa = PBXGroup;
			children = (
				A44A58B22C77258C00F8E883 /* AudioPlayerManager.swift */,
				A44A58B32C77258C00F8E883 /* CycleCountManager.swift */,
				A44A58B42C77258C00F8E883 /* HapticsManager.swift */,
			);
			path = Utils;
			sourceTree = "<group>";
		};
		A44A58BA2C77259500F8E883 /* ViewModel */ = {
			isa = PBXGroup;
			children = (
				A44A58B92C77259500F8E883 /* ExerciseTrackerViewModel.swift */,
			);
			path = ViewModel;
			sourceTree = "<group>";
		};
		A44A58C02C7725A300F8E883 /* Components */ = {
			isa = PBXGroup;
			children = (
				A44A58BC2C7725A300F8E883 /* ExerciseCardView.swift */,
				A44A58BD2C7725A300F8E883 /* ExerciseContentView.swift */,
				A44A58BE2C7725A300F8E883 /* WeeklyStreakView.swift */,
				A44A58BF2C7725A300F8E883 /* WideCardViewWithProgress.swift */,
			);
			path = Components;
			sourceTree = "<group>";
		};
		A44A58C22C7725A300F8E883 /* Main */ = {
			isa = PBXGroup;
			children = (
				A44A58C02C7725A300F8E883 /* Components */,
				A44A58C12C7725A300F8E883 /* MainView.swift */,
			);
			path = Main;
			sourceTree = "<group>";
		};
		A44A58C72C7725A300F8E883 /* Views */ = {
			isa = PBXGroup;
			children = (
				A44A58C22C7725A300F8E883 /* Main */,
				A44A58C32C7725A300F8E883 /* BreathingExerciseView.swift */,
				A44A58C42C7725A300F8E883 /* BreathingSessionView.swift */,
				A44A58C52C7725A300F8E883 /* CongratulationView.swift */,
				A44A58C62C7725A300F8E883 /* ContentView.swift */,
			);
			path = Views;
			sourceTree = "<group>";
		};
		A44A58DF2C7725CE00F8E883 /* Font */ = {
			isa = PBXGroup;
			children = (
				A44A58D12C7725CE00F8E883 /* Rubik-Black.ttf */,
				A44A58D22C7725CE00F8E883 /* Rubik-BlackItalic.ttf */,
				A44A58D32C7725CE00F8E883 /* Rubik-Bold.ttf */,
				A44A58D42C7725CE00F8E883 /* Rubik-BoldItalic.ttf */,
				A44A58D52C7725CE00F8E883 /* Rubik-ExtraBold.ttf */,
				A44A58D62C7725CE00F8E883 /* Rubik-ExtraBoldItalic.ttf */,
				A44A58D72C7725CE00F8E883 /* Rubik-Italic.ttf */,
				A44A58D82C7725CE00F8E883 /* Rubik-Light.ttf */,
				A44A58D92C7725CE00F8E883 /* Rubik-LightItalic.ttf */,
				A44A58DA2C7725CE00F8E883 /* Rubik-Medium.ttf */,
				A44A58DB2C7725CE00F8E883 /* Rubik-MediumItalic.ttf */,
				A44A58DC2C7725CE00F8E883 /* Rubik-Regular.ttf */,
				A44A58DD2C7725CE00F8E883 /* Rubik-SemiBold.ttf */,
				A44A58DE2C7725CE00F8E883 /* Rubik-SemiBoldItalic.ttf */,
			);
			path = Font;
			sourceTree = "<group>";
		};
/* End PBXGroup section */

/* Begin PBXNativeTarget section */
		2BA883012C73AE45008365C8 /* Mini3-PanicAttack */ = {
			isa = PBXNativeTarget;
			buildConfigurationList = 2BA883262C73AE46008365C8 /* Build configuration list for PBXNativeTarget "Mini3-PanicAttack" */;
			buildPhases = (
				2BA882FE2C73AE45008365C8 /* Sources */,
				2BA882FF2C73AE45008365C8 /* Frameworks */,
				2BA883002C73AE45008365C8 /* Resources */,
			);
			buildRules = (
			);
			dependencies = (
			);
			name = "Mini3-PanicAttack";
			packageProductDependencies = (
				A44A58EF2C77270200F8E883 /* Buzz */,
			);
			productName = "Mini3-PanicAttack";
			productReference = 2BA883022C73AE45008365C8 /* Mini3-PanicAttack.app */;
			productType = "com.apple.product-type.application";
		};
		2BA883112C73AE46008365C8 /* Mini3-PanicAttackTests */ = {
			isa = PBXNativeTarget;
			buildConfigurationList = 2BA883292C73AE46008365C8 /* Build configuration list for PBXNativeTarget "Mini3-PanicAttackTests" */;
			buildPhases = (
				2BA8830E2C73AE46008365C8 /* Sources */,
				2BA8830F2C73AE46008365C8 /* Frameworks */,
				2BA883102C73AE46008365C8 /* Resources */,
			);
			buildRules = (
			);
			dependencies = (
				2BA883142C73AE46008365C8 /* PBXTargetDependency */,
			);
			name = "Mini3-PanicAttackTests";
			productName = "Mini3-PanicAttackTests";
			productReference = 2BA883122C73AE46008365C8 /* Mini3-PanicAttackTests.xctest */;
			productType = "com.apple.product-type.bundle.unit-test";
		};
		2BA8831B2C73AE46008365C8 /* Mini3-PanicAttackUITests */ = {
			isa = PBXNativeTarget;
			buildConfigurationList = 2BA8832C2C73AE46008365C8 /* Build configuration list for PBXNativeTarget "Mini3-PanicAttackUITests" */;
			buildPhases = (
				2BA883182C73AE46008365C8 /* Sources */,
				2BA883192C73AE46008365C8 /* Frameworks */,
				2BA8831A2C73AE46008365C8 /* Resources */,
			);
			buildRules = (
			);
			dependencies = (
				2BA8831E2C73AE46008365C8 /* PBXTargetDependency */,
			);
			name = "Mini3-PanicAttackUITests";
			productName = "Mini3-PanicAttackUITests";
			productReference = 2BA8831C2C73AE46008365C8 /* Mini3-PanicAttackUITests.xctest */;
			productType = "com.apple.product-type.bundle.ui-testing";
		};
/* End PBXNativeTarget section */

/* Begin PBXProject section */
		2BA882FA2C73AE45008365C8 /* Project object */ = {
			isa = PBXProject;
			attributes = {
				BuildIndependentTargetsInParallel = 1;
				LastSwiftUpdateCheck = 1540;
				LastUpgradeCheck = 1540;
				TargetAttributes = {
					2BA883012C73AE45008365C8 = {
						CreatedOnToolsVersion = 15.4;
					};
					2BA883112C73AE46008365C8 = {
						CreatedOnToolsVersion = 15.4;
						TestTargetID = 2BA883012C73AE45008365C8;
					};
					2BA8831B2C73AE46008365C8 = {
						CreatedOnToolsVersion = 15.4;
						TestTargetID = 2BA883012C73AE45008365C8;
					};
				};
			};
			buildConfigurationList = 2BA882FD2C73AE45008365C8 /* Build configuration list for PBXProject "Mini3-PanicAttack" */;
			compatibilityVersion = "Xcode 14.0";
			developmentRegion = en;
			hasScannedForEncodings = 0;
			knownRegions = (
				en,
				Base,
			);
			mainGroup = 2BA882F92C73AE45008365C8;
			packageReferences = (
				A44A58EE2C77270200F8E883 /* XCRemoteSwiftPackageReference "buzz" */,
			);
			productRefGroup = 2BA883032C73AE45008365C8 /* Products */;
			projectDirPath = "";
			projectRoot = "";
			targets = (
				2BA883012C73AE45008365C8 /* Mini3-PanicAttack */,
				2BA883112C73AE46008365C8 /* Mini3-PanicAttackTests */,
				2BA8831B2C73AE46008365C8 /* Mini3-PanicAttackUITests */,
			);
		};
/* End PBXProject section */

/* Begin PBXResourcesBuildPhase section */
		2BA883002C73AE45008365C8 /* Resources */ = {
			isa = PBXResourcesBuildPhase;
			buildActionMask = 2147483647;
			files = (
				A44A58E22C7725CE00F8E883 /* Rubik-Bold.ttf in Resources */,
				A44A58F22C77272C00F8E883 /* breathingExerciseSound.mp3 in Resources */,
				A44A58EB2C7725CE00F8E883 /* Rubik-Regular.ttf in Resources */,
				A44A58E62C7725CE00F8E883 /* Rubik-Italic.ttf in Resources */,
				A44A58E02C7725CE00F8E883 /* Rubik-Black.ttf in Resources */,
				A44A58E12C7725CE00F8E883 /* Rubik-BlackItalic.ttf in Resources */,
				A44A58E32C7725CE00F8E883 /* Rubik-BoldItalic.ttf in Resources */,
				A44A58E92C7725CE00F8E883 /* Rubik-Medium.ttf in Resources */,
				A44A58EC2C7725CE00F8E883 /* Rubik-SemiBold.ttf in Resources */,
				A44A58E72C7725CE00F8E883 /* Rubik-Light.ttf in Resources */,
				A44A58E82C7725CE00F8E883 /* Rubik-LightItalic.ttf in Resources */,
				A44A58EA2C7725CE00F8E883 /* Rubik-MediumItalic.ttf in Resources */,
				2BA8830D2C73AE46008365C8 /* Preview Assets.xcassets in Resources */,
				A44A58E42C7725CE00F8E883 /* Rubik-ExtraBold.ttf in Resources */,
				A44A58ED2C7725CE00F8E883 /* Rubik-SemiBoldItalic.ttf in Resources */,
				A44A58E52C7725CE00F8E883 /* Rubik-ExtraBoldItalic.ttf in Resources */,
				2BA8830A2C73AE46008365C8 /* Assets.xcassets in Resources */,
			);
			runOnlyForDeploymentPostprocessing = 0;
		};
		2BA883102C73AE46008365C8 /* Resources */ = {
			isa = PBXResourcesBuildPhase;
			buildActionMask = 2147483647;
			files = (
			);
			runOnlyForDeploymentPostprocessing = 0;
		};
		2BA8831A2C73AE46008365C8 /* Resources */ = {
			isa = PBXResourcesBuildPhase;
			buildActionMask = 2147483647;
			files = (
			);
			runOnlyForDeploymentPostprocessing = 0;
		};
/* End PBXResourcesBuildPhase section */

/* Begin PBXSourcesBuildPhase section */
		2BA882FE2C73AE45008365C8 /* Sources */ = {
			isa = PBXSourcesBuildPhase;
			buildActionMask = 2147483647;
			files = (
				A44A589C2C77255600F8E883 /* BreathingAnimationComponentExtension.swift in Sources */,
				A44A58962C77254800F8E883 /* PauseButtonComponent.swift in Sources */,
				A44A58A22C77256800F8E883 /* Exercise.swift in Sources */,
				A44A58B12C77258100F8E883 /* ExerciseTrackerRepository.swift in Sources */,
				A44A58CD2C7725A300F8E883 /* BreathingExerciseView.swift in Sources */,
				A44A58D02C7725A300F8E883 /* ContentView.swift in Sources */,
				A44A58CB2C7725A300F8E883 /* WideCardViewWithProgress.swift in Sources */,
				A44A58CA2C7725A300F8E883 /* WeeklyStreakView.swift in Sources */,
				A44A58CC2C7725A300F8E883 /* MainView.swift in Sources */,
				A44A58982C77254800F8E883 /* ProgressBarComponent.swift in Sources */,
				2BA883062C73AE45008365C8 /* Mini3_PanicAttackApp.swift in Sources */,
				A44A58922C77254800F8E883 /* BreathingAnimationComponent.swift in Sources */,
				A44A58BB2C77259500F8E883 /* ExerciseTrackerViewModel.swift in Sources */,
				A44A58AF2C77258100F8E883 /* DummyExerciseTrackerRepository.swift in Sources */,
				A44A58A42C77256800F8E883 /* ExerciseType.swift in Sources */,
				A44A58942C77254800F8E883 /* HapticButtonComponent.swift in Sources */,
				A44A58CE2C7725A300F8E883 /* BreathingSessionView.swift in Sources */,
				A44A58B62C77258C00F8E883 /* AudioPlayerManager.swift in Sources */,
				A44A58A72C77257700F8E883 /* AudioPlayerProtocol.swift in Sources */,
				A44A58B72C77258C00F8E883 /* CycleCountManager.swift in Sources */,
				A44A58932C77254800F8E883 /* BreathingInactiveComponent.swift in Sources */,
				A44A58A32C77256800F8E883 /* ExerciseTrackerModel.swift in Sources */,
				A44A58972C77254800F8E883 /* PlayButtonComponent.swift in Sources */,
				A44A58C92C7725A300F8E883 /* ExerciseContentView.swift in Sources */,
				A44A58B02C77258100F8E883 /* PersistentExerciseTrackerRepository.swift in Sources */,
				A44A58952C77254800F8E883 /* MusicButtonComponent.swift in Sources */,
				A44A58B82C77258C00F8E883 /* HapticsManager.swift in Sources */,
				A44A58C82C7725A300F8E883 /* ExerciseCardView.swift in Sources */,
				2BA883062C73AE45008365C8 /* Mini3_PanicAttackApp.swift in Sources */,
				A44A58CF2C7725A300F8E883 /* CongratulationView.swift in Sources */,
				A44A589D2C77255600F8E883 /* ColorsExtension.swift in Sources */,
			);
			runOnlyForDeploymentPostprocessing = 0;
		};
		2BA8830E2C73AE46008365C8 /* Sources */ = {
			isa = PBXSourcesBuildPhase;
			buildActionMask = 2147483647;
			files = (
				2BA883172C73AE46008365C8 /* Mini3_PanicAttackTests.swift in Sources */,
			);
			runOnlyForDeploymentPostprocessing = 0;
		};
		2BA883182C73AE46008365C8 /* Sources */ = {
			isa = PBXSourcesBuildPhase;
			buildActionMask = 2147483647;
			files = (
				2BA883212C73AE46008365C8 /* Mini3_PanicAttackUITests.swift in Sources */,
				2BA883232C73AE46008365C8 /* Mini3_PanicAttackUITestsLaunchTests.swift in Sources */,
			);
			runOnlyForDeploymentPostprocessing = 0;
		};
/* End PBXSourcesBuildPhase section */

/* Begin PBXTargetDependency section */
		2BA883142C73AE46008365C8 /* PBXTargetDependency */ = {
			isa = PBXTargetDependency;
			target = 2BA883012C73AE45008365C8 /* Mini3-PanicAttack */;
			targetProxy = 2BA883132C73AE46008365C8 /* PBXContainerItemProxy */;
		};
		2BA8831E2C73AE46008365C8 /* PBXTargetDependency */ = {
			isa = PBXTargetDependency;
			target = 2BA883012C73AE45008365C8 /* Mini3-PanicAttack */;
			targetProxy = 2BA8831D2C73AE46008365C8 /* PBXContainerItemProxy */;
		};
/* End PBXTargetDependency section */

/* Begin XCBuildConfiguration section */
		2BA883242C73AE46008365C8 /* Debug */ = {
			isa = XCBuildConfiguration;
			buildSettings = {
				ALWAYS_SEARCH_USER_PATHS = NO;
				ASSETCATALOG_COMPILER_GENERATE_SWIFT_ASSET_SYMBOL_EXTENSIONS = YES;
				CLANG_ANALYZER_NONNULL = YES;
				CLANG_ANALYZER_NUMBER_OBJECT_CONVERSION = YES_AGGRESSIVE;
				CLANG_CXX_LANGUAGE_STANDARD = "gnu++20";
				CLANG_ENABLE_MODULES = YES;
				CLANG_ENABLE_OBJC_ARC = YES;
				CLANG_ENABLE_OBJC_WEAK = YES;
				CLANG_WARN_BLOCK_CAPTURE_AUTORELEASING = YES;
				CLANG_WARN_BOOL_CONVERSION = YES;
				CLANG_WARN_COMMA = YES;
				CLANG_WARN_CONSTANT_CONVERSION = YES;
				CLANG_WARN_DEPRECATED_OBJC_IMPLEMENTATIONS = YES;
				CLANG_WARN_DIRECT_OBJC_ISA_USAGE = YES_ERROR;
				CLANG_WARN_DOCUMENTATION_COMMENTS = YES;
				CLANG_WARN_EMPTY_BODY = YES;
				CLANG_WARN_ENUM_CONVERSION = YES;
				CLANG_WARN_INFINITE_RECURSION = YES;
				CLANG_WARN_INT_CONVERSION = YES;
				CLANG_WARN_NON_LITERAL_NULL_CONVERSION = YES;
				CLANG_WARN_OBJC_IMPLICIT_RETAIN_SELF = YES;
				CLANG_WARN_OBJC_LITERAL_CONVERSION = YES;
				CLANG_WARN_OBJC_ROOT_CLASS = YES_ERROR;
				CLANG_WARN_QUOTED_INCLUDE_IN_FRAMEWORK_HEADER = YES;
				CLANG_WARN_RANGE_LOOP_ANALYSIS = YES;
				CLANG_WARN_STRICT_PROTOTYPES = YES;
				CLANG_WARN_SUSPICIOUS_MOVE = YES;
				CLANG_WARN_UNGUARDED_AVAILABILITY = YES_AGGRESSIVE;
				CLANG_WARN_UNREACHABLE_CODE = YES;
				CLANG_WARN__DUPLICATE_METHOD_MATCH = YES;
				COPY_PHASE_STRIP = NO;
				DEBUG_INFORMATION_FORMAT = dwarf;
				ENABLE_STRICT_OBJC_MSGSEND = YES;
				ENABLE_TESTABILITY = YES;
				ENABLE_USER_SCRIPT_SANDBOXING = YES;
				GCC_C_LANGUAGE_STANDARD = gnu17;
				GCC_DYNAMIC_NO_PIC = NO;
				GCC_NO_COMMON_BLOCKS = YES;
				GCC_OPTIMIZATION_LEVEL = 0;
				GCC_PREPROCESSOR_DEFINITIONS = (
					"DEBUG=1",
					"$(inherited)",
				);
				GCC_WARN_64_TO_32_BIT_CONVERSION = YES;
				GCC_WARN_ABOUT_RETURN_TYPE = YES_ERROR;
				GCC_WARN_UNDECLARED_SELECTOR = YES;
				GCC_WARN_UNINITIALIZED_AUTOS = YES_AGGRESSIVE;
				GCC_WARN_UNUSED_FUNCTION = YES;
				GCC_WARN_UNUSED_VARIABLE = YES;
				IPHONEOS_DEPLOYMENT_TARGET = 17.5;
				LOCALIZATION_PREFERS_STRING_CATALOGS = YES;
				MTL_ENABLE_DEBUG_INFO = INCLUDE_SOURCE;
				MTL_FAST_MATH = YES;
				ONLY_ACTIVE_ARCH = YES;
				SDKROOT = iphoneos;
				SWIFT_ACTIVE_COMPILATION_CONDITIONS = "DEBUG $(inherited)";
				SWIFT_OPTIMIZATION_LEVEL = "-Onone";
			};
			name = Debug;
		};
		2BA883252C73AE46008365C8 /* Release */ = {
			isa = XCBuildConfiguration;
			buildSettings = {
				ALWAYS_SEARCH_USER_PATHS = NO;
				ASSETCATALOG_COMPILER_GENERATE_SWIFT_ASSET_SYMBOL_EXTENSIONS = YES;
				CLANG_ANALYZER_NONNULL = YES;
				CLANG_ANALYZER_NUMBER_OBJECT_CONVERSION = YES_AGGRESSIVE;
				CLANG_CXX_LANGUAGE_STANDARD = "gnu++20";
				CLANG_ENABLE_MODULES = YES;
				CLANG_ENABLE_OBJC_ARC = YES;
				CLANG_ENABLE_OBJC_WEAK = YES;
				CLANG_WARN_BLOCK_CAPTURE_AUTORELEASING = YES;
				CLANG_WARN_BOOL_CONVERSION = YES;
				CLANG_WARN_COMMA = YES;
				CLANG_WARN_CONSTANT_CONVERSION = YES;
				CLANG_WARN_DEPRECATED_OBJC_IMPLEMENTATIONS = YES;
				CLANG_WARN_DIRECT_OBJC_ISA_USAGE = YES_ERROR;
				CLANG_WARN_DOCUMENTATION_COMMENTS = YES;
				CLANG_WARN_EMPTY_BODY = YES;
				CLANG_WARN_ENUM_CONVERSION = YES;
				CLANG_WARN_INFINITE_RECURSION = YES;
				CLANG_WARN_INT_CONVERSION = YES;
				CLANG_WARN_NON_LITERAL_NULL_CONVERSION = YES;
				CLANG_WARN_OBJC_IMPLICIT_RETAIN_SELF = YES;
				CLANG_WARN_OBJC_LITERAL_CONVERSION = YES;
				CLANG_WARN_OBJC_ROOT_CLASS = YES_ERROR;
				CLANG_WARN_QUOTED_INCLUDE_IN_FRAMEWORK_HEADER = YES;
				CLANG_WARN_RANGE_LOOP_ANALYSIS = YES;
				CLANG_WARN_STRICT_PROTOTYPES = YES;
				CLANG_WARN_SUSPICIOUS_MOVE = YES;
				CLANG_WARN_UNGUARDED_AVAILABILITY = YES_AGGRESSIVE;
				CLANG_WARN_UNREACHABLE_CODE = YES;
				CLANG_WARN__DUPLICATE_METHOD_MATCH = YES;
				COPY_PHASE_STRIP = NO;
				DEBUG_INFORMATION_FORMAT = "dwarf-with-dsym";
				ENABLE_NS_ASSERTIONS = NO;
				ENABLE_STRICT_OBJC_MSGSEND = YES;
				ENABLE_USER_SCRIPT_SANDBOXING = YES;
				GCC_C_LANGUAGE_STANDARD = gnu17;
				GCC_NO_COMMON_BLOCKS = YES;
				GCC_WARN_64_TO_32_BIT_CONVERSION = YES;
				GCC_WARN_ABOUT_RETURN_TYPE = YES_ERROR;
				GCC_WARN_UNDECLARED_SELECTOR = YES;
				GCC_WARN_UNINITIALIZED_AUTOS = YES_AGGRESSIVE;
				GCC_WARN_UNUSED_FUNCTION = YES;
				GCC_WARN_UNUSED_VARIABLE = YES;
				IPHONEOS_DEPLOYMENT_TARGET = 17.5;
				LOCALIZATION_PREFERS_STRING_CATALOGS = YES;
				MTL_ENABLE_DEBUG_INFO = NO;
				MTL_FAST_MATH = YES;
				SDKROOT = iphoneos;
				SWIFT_COMPILATION_MODE = wholemodule;
				VALIDATE_PRODUCT = YES;
			};
			name = Release;
		};
		2BA883272C73AE46008365C8 /* Debug */ = {
			isa = XCBuildConfiguration;
			buildSettings = {
				ASSETCATALOG_COMPILER_APPICON_NAME = AppIcon;
				ASSETCATALOG_COMPILER_GLOBAL_ACCENT_COLOR_NAME = AccentColor;
				CODE_SIGN_IDENTITY = "Apple Development";
				CODE_SIGN_STYLE = Automatic;
				CURRENT_PROJECT_VERSION = 1;
				DEVELOPMENT_ASSET_PATHS = "\"Mini3-PanicAttack/Preview Content\"";
				DEVELOPMENT_TEAM = YTWBVW7W5F;
				ENABLE_PREVIEWS = YES;
				GENERATE_INFOPLIST_FILE = YES;
				INFOPLIST_FILE = "Mini3-PanicAttack/Info.plist";
				INFOPLIST_KEY_UIApplicationSceneManifest_Generation = YES;
				INFOPLIST_KEY_UIApplicationSupportsIndirectInputEvents = YES;
				INFOPLIST_KEY_UILaunchScreen_Generation = YES;
				INFOPLIST_KEY_UISupportedInterfaceOrientations = "UIInterfaceOrientationLandscapeLeft UIInterfaceOrientationLandscapeRight UIInterfaceOrientationPortrait";
				INFOPLIST_KEY_UISupportedInterfaceOrientations_iPad = "UIInterfaceOrientationLandscapeLeft UIInterfaceOrientationLandscapeRight UIInterfaceOrientationPortrait UIInterfaceOrientationPortraitUpsideDown";
				LD_RUNPATH_SEARCH_PATHS = (
					"$(inherited)",
					"@executable_path/Frameworks",
				);
				MARKETING_VERSION = 1.0;
				PRODUCT_BUNDLE_IDENTIFIER = "com.yourpet.Mini3-PanicAttack";
				PRODUCT_NAME = "$(TARGET_NAME)";
				PROVISIONING_PROFILE_SPECIFIER = "";
				SWIFT_EMIT_LOC_STRINGS = YES;
				SWIFT_VERSION = 5.0;
				TARGETED_DEVICE_FAMILY = "1,2";
			};
			name = Debug;
		};
		2BA883282C73AE46008365C8 /* Release */ = {
			isa = XCBuildConfiguration;
			buildSettings = {
				ASSETCATALOG_COMPILER_APPICON_NAME = AppIcon;
				ASSETCATALOG_COMPILER_GLOBAL_ACCENT_COLOR_NAME = AccentColor;
				CODE_SIGN_IDENTITY = "Apple Development";
				CODE_SIGN_STYLE = Automatic;
				CURRENT_PROJECT_VERSION = 1;
				DEVELOPMENT_ASSET_PATHS = "\"Mini3-PanicAttack/Preview Content\"";
				DEVELOPMENT_TEAM = YTWBVW7W5F;
				ENABLE_PREVIEWS = YES;
				GENERATE_INFOPLIST_FILE = YES;
				INFOPLIST_FILE = "Mini3-PanicAttack/Info.plist";
				INFOPLIST_KEY_UIApplicationSceneManifest_Generation = YES;
				INFOPLIST_KEY_UIApplicationSupportsIndirectInputEvents = YES;
				INFOPLIST_KEY_UILaunchScreen_Generation = YES;
				INFOPLIST_KEY_UISupportedInterfaceOrientations = "UIInterfaceOrientationLandscapeLeft UIInterfaceOrientationLandscapeRight UIInterfaceOrientationPortrait";
				INFOPLIST_KEY_UISupportedInterfaceOrientations_iPad = "UIInterfaceOrientationLandscapeLeft UIInterfaceOrientationLandscapeRight UIInterfaceOrientationPortrait UIInterfaceOrientationPortraitUpsideDown";
				LD_RUNPATH_SEARCH_PATHS = (
					"$(inherited)",
					"@executable_path/Frameworks",
				);
				MARKETING_VERSION = 1.0;
				PRODUCT_BUNDLE_IDENTIFIER = "com.yourpet.Mini3-PanicAttack";
				PRODUCT_NAME = "$(TARGET_NAME)";
				PROVISIONING_PROFILE_SPECIFIER = "";
				SWIFT_EMIT_LOC_STRINGS = YES;
				SWIFT_VERSION = 5.0;
				TARGETED_DEVICE_FAMILY = "1,2";
			};
			name = Release;
		};
		2BA8832A2C73AE46008365C8 /* Debug */ = {
			isa = XCBuildConfiguration;
			buildSettings = {
				ALWAYS_EMBED_SWIFT_STANDARD_LIBRARIES = YES;
				BUNDLE_LOADER = "$(TEST_HOST)";
				CODE_SIGN_STYLE = Automatic;
				CURRENT_PROJECT_VERSION = 1;
				DEVELOPMENT_TEAM = N2K3R4X37B;
				GENERATE_INFOPLIST_FILE = YES;
				IPHONEOS_DEPLOYMENT_TARGET = 17.5;
				MARKETING_VERSION = 1.0;
				PRODUCT_BUNDLE_IDENTIFIER = "com.yourpet.Mini3-PanicAttackTests";
				PRODUCT_NAME = "$(TARGET_NAME)";
				SWIFT_EMIT_LOC_STRINGS = NO;
				SWIFT_VERSION = 5.0;
				TARGETED_DEVICE_FAMILY = "1,2";
				TEST_HOST = "$(BUILT_PRODUCTS_DIR)/Mini3-PanicAttack.app/$(BUNDLE_EXECUTABLE_FOLDER_PATH)/Mini3-PanicAttack";
			};
			name = Debug;
		};
		2BA8832B2C73AE46008365C8 /* Release */ = {
			isa = XCBuildConfiguration;
			buildSettings = {
				ALWAYS_EMBED_SWIFT_STANDARD_LIBRARIES = YES;
				BUNDLE_LOADER = "$(TEST_HOST)";
				CODE_SIGN_STYLE = Automatic;
				CURRENT_PROJECT_VERSION = 1;
				DEVELOPMENT_TEAM = N2K3R4X37B;
				GENERATE_INFOPLIST_FILE = YES;
				IPHONEOS_DEPLOYMENT_TARGET = 17.5;
				MARKETING_VERSION = 1.0;
				PRODUCT_BUNDLE_IDENTIFIER = "com.yourpet.Mini3-PanicAttackTests";
				PRODUCT_NAME = "$(TARGET_NAME)";
				SWIFT_EMIT_LOC_STRINGS = NO;
				SWIFT_VERSION = 5.0;
				TARGETED_DEVICE_FAMILY = "1,2";
				TEST_HOST = "$(BUILT_PRODUCTS_DIR)/Mini3-PanicAttack.app/$(BUNDLE_EXECUTABLE_FOLDER_PATH)/Mini3-PanicAttack";
			};
			name = Release;
		};
		2BA8832D2C73AE46008365C8 /* Debug */ = {
			isa = XCBuildConfiguration;
			buildSettings = {
				ALWAYS_EMBED_SWIFT_STANDARD_LIBRARIES = YES;
				CODE_SIGN_STYLE = Automatic;
				CURRENT_PROJECT_VERSION = 1;
				DEVELOPMENT_TEAM = N2K3R4X37B;
				GENERATE_INFOPLIST_FILE = YES;
				MARKETING_VERSION = 1.0;
				PRODUCT_BUNDLE_IDENTIFIER = "com.yourpet.Mini3-PanicAttackUITests";
				PRODUCT_NAME = "$(TARGET_NAME)";
				SWIFT_EMIT_LOC_STRINGS = NO;
				SWIFT_VERSION = 5.0;
				TARGETED_DEVICE_FAMILY = "1,2";
				TEST_TARGET_NAME = "Mini3-PanicAttack";
			};
			name = Debug;
		};
		2BA8832E2C73AE46008365C8 /* Release */ = {
			isa = XCBuildConfiguration;
			buildSettings = {
				ALWAYS_EMBED_SWIFT_STANDARD_LIBRARIES = YES;
				CODE_SIGN_STYLE = Automatic;
				CURRENT_PROJECT_VERSION = 1;
				DEVELOPMENT_TEAM = N2K3R4X37B;
				GENERATE_INFOPLIST_FILE = YES;
				MARKETING_VERSION = 1.0;
				PRODUCT_BUNDLE_IDENTIFIER = "com.yourpet.Mini3-PanicAttackUITests";
				PRODUCT_NAME = "$(TARGET_NAME)";
				SWIFT_EMIT_LOC_STRINGS = NO;
				SWIFT_VERSION = 5.0;
				TARGETED_DEVICE_FAMILY = "1,2";
				TEST_TARGET_NAME = "Mini3-PanicAttack";
			};
			name = Release;
		};
/* End XCBuildConfiguration section */

/* Begin XCConfigurationList section */
		2BA882FD2C73AE45008365C8 /* Build configuration list for PBXProject "Mini3-PanicAttack" */ = {
			isa = XCConfigurationList;
			buildConfigurations = (
				2BA883242C73AE46008365C8 /* Debug */,
				2BA883252C73AE46008365C8 /* Release */,
			);
			defaultConfigurationIsVisible = 0;
			defaultConfigurationName = Release;
		};
		2BA883262C73AE46008365C8 /* Build configuration list for PBXNativeTarget "Mini3-PanicAttack" */ = {
			isa = XCConfigurationList;
			buildConfigurations = (
				2BA883272C73AE46008365C8 /* Debug */,
				2BA883282C73AE46008365C8 /* Release */,
			);
			defaultConfigurationIsVisible = 0;
			defaultConfigurationName = Release;
		};
		2BA883292C73AE46008365C8 /* Build configuration list for PBXNativeTarget "Mini3-PanicAttackTests" */ = {
			isa = XCConfigurationList;
			buildConfigurations = (
				2BA8832A2C73AE46008365C8 /* Debug */,
				2BA8832B2C73AE46008365C8 /* Release */,
			);
			defaultConfigurationIsVisible = 0;
			defaultConfigurationName = Release;
		};
		2BA8832C2C73AE46008365C8 /* Build configuration list for PBXNativeTarget "Mini3-PanicAttackUITests" */ = {
			isa = XCConfigurationList;
			buildConfigurations = (
				2BA8832D2C73AE46008365C8 /* Debug */,
				2BA8832E2C73AE46008365C8 /* Release */,
			);
			defaultConfigurationIsVisible = 0;
			defaultConfigurationName = Release;
		};
/* End XCConfigurationList section */

/* Begin XCRemoteSwiftPackageReference section */
		A44A58EE2C77270200F8E883 /* XCRemoteSwiftPackageReference "buzz" */ = {
			isa = XCRemoteSwiftPackageReference;
			repositoryURL = "https://github.com/jiachenyee/buzz";
			requirement = {
				kind = upToNextMajorVersion;
				minimumVersion = 1.0.0;
			};
		};
/* End XCRemoteSwiftPackageReference section */

/* Begin XCSwiftPackageProductDependency section */
		A44A58EF2C77270200F8E883 /* Buzz */ = {
			isa = XCSwiftPackageProductDependency;
			package = A44A58EE2C77270200F8E883 /* XCRemoteSwiftPackageReference "buzz" */;
			productName = Buzz;
		};
/* End XCSwiftPackageProductDependency section */
	};
	rootObject = 2BA882FA2C73AE45008365C8 /* Project object */;
}
